// !$*UTF8*$!
{
	archiveVersion = 1;
	classes = {
	};
	objectVersion = 46;
	objects = {

/* Begin PBXBuildFile section */
		FE9D21A71B9FC2BE00A19C4F /* AppDelegate.swift in Sources */ = {isa = PBXBuildFile; fileRef = FE9D21A61B9FC2BE00A19C4F /* AppDelegate.swift */; };
		FE9D21A91B9FC2BE00A19C4F /* ViewController.swift in Sources */ = {isa = PBXBuildFile; fileRef = FE9D21A81B9FC2BE00A19C4F /* ViewController.swift */; };
		FE9D21AC1B9FC2BE00A19C4F /* Main.storyboard in Resources */ = {isa = PBXBuildFile; fileRef = FE9D21AA1B9FC2BE00A19C4F /* Main.storyboard */; };
		FE9D21AE1B9FC2BE00A19C4F /* Images.xcassets in Resources */ = {isa = PBXBuildFile; fileRef = FE9D21AD1B9FC2BE00A19C4F /* Images.xcassets */; };
		FE9D21B11B9FC2BE00A19C4F /* LaunchScreen.xib in Resources */ = {isa = PBXBuildFile; fileRef = FE9D21AF1B9FC2BE00A19C4F /* LaunchScreen.xib */; };
		FE9D21BD1B9FC2BE00A19C4F /* Project22Tests.swift in Sources */ = {isa = PBXBuildFile; fileRef = FE9D21BC1B9FC2BE00A19C4F /* Project22Tests.swift */; };
/* End PBXBuildFile section */

/* Begin PBXContainerItemProxy section */
		FE9D21B71B9FC2BE00A19C4F /* PBXContainerItemProxy */ = {
			isa = PBXContainerItemProxy;
			containerPortal = FE9D21991B9FC2BE00A19C4F /* Project object */;
			proxyType = 1;
			remoteGlobalIDString = FE9D21A01B9FC2BE00A19C4F;
			remoteInfo = Project22;
		};
/* End PBXContainerItemProxy section */

/* Begin PBXFileReference section */
		FE9D21A11B9FC2BE00A19C4F /* Project22.app */ = {isa = PBXFileReference; explicitFileType = wrapper.application; includeInIndex = 0; path = Project22.app; sourceTree = BUILT_PRODUCTS_DIR; };
		FE9D21A51B9FC2BE00A19C4F /* Info.plist */ = {isa = PBXFileReference; lastKnownFileType = text.plist.xml; path = Info.plist; sourceTree = "<group>"; };
		FE9D21A61B9FC2BE00A19C4F /* AppDelegate.swift */ = {isa = PBXFileReference; lastKnownFileType = sourcecode.swift; path = AppDelegate.swift; sourceTree = "<group>"; };
		FE9D21A81B9FC2BE00A19C4F /* ViewController.swift */ = {isa = PBXFileReference; lastKnownFileType = sourcecode.swift; path = ViewController.swift; sourceTree = "<group>"; };
		FE9D21AB1B9FC2BE00A19C4F /* Base */ = {isa = PBXFileReference; lastKnownFileType = file.storyboard; name = Base; path = Base.lproj/Main.storyboard; sourceTree = "<group>"; };
		FE9D21AD1B9FC2BE00A19C4F /* Images.xcassets */ = {isa = PBXFileReference; lastKnownFileType = folder.assetcatalog; path = Images.xcassets; sourceTree = "<group>"; };
		FE9D21B01B9FC2BE00A19C4F /* Base */ = {isa = PBXFileReference; lastKnownFileType = file.xib; name = Base; path = Base.lproj/LaunchScreen.xib; sourceTree = "<group>"; };
		FE9D21B61B9FC2BE00A19C4F /* Project22Tests.xctest */ = {isa = PBXFileReference; explicitFileType = wrapper.cfbundle; includeInIndex = 0; path = Project22Tests.xctest; sourceTree = BUILT_PRODUCTS_DIR; };
		FE9D21BB1B9FC2BE00A19C4F /* Info.plist */ = {isa = PBXFileReference; lastKnownFileType = text.plist.xml; path = Info.plist; sourceTree = "<group>"; };
		FE9D21BC1B9FC2BE00A19C4F /* Project22Tests.swift */ = {isa = PBXFileReference; lastKnownFileType = sourcecode.swift; path = Project22Tests.swift; sourceTree = "<group>"; };
/* End PBXFileReference section */

/* Begin PBXFrameworksBuildPhase section */
		FE9D219E1B9FC2BE00A19C4F /* Frameworks */ = {
			isa = PBXFrameworksBuildPhase;
			buildActionMask = 2147483647;
			files = (
			);
			runOnlyForDeploymentPostprocessing = 0;
		};
		FE9D21B31B9FC2BE00A19C4F /* Frameworks */ = {
			isa = PBXFrameworksBuildPhase;
			buildActionMask = 2147483647;
			files = (
			);
			runOnlyForDeploymentPostprocessing = 0;
		};
/* End PBXFrameworksBuildPhase section */

/* Begin PBXGroup section */
		FE9D21981B9FC2BE00A19C4F = {
			isa = PBXGroup;
			children = (
				FE9D21A31B9FC2BE00A19C4F /* Project22 */,
				FE9D21B91B9FC2BE00A19C4F /* Project22Tests */,
				FE9D21A21B9FC2BE00A19C4F /* Products */,
			);
			sourceTree = "<group>";
		};
		FE9D21A21B9FC2BE00A19C4F /* Products */ = {
			isa = PBXGroup;
			children = (
				FE9D21A11B9FC2BE00A19C4F /* Project22.app */,
				FE9D21B61B9FC2BE00A19C4F /* Project22Tests.xctest */,
			);
			name = Products;
			sourceTree = "<group>";
		};
		FE9D21A31B9FC2BE00A19C4F /* Project22 */ = {
			isa = PBXGroup;
			children = (
				FE9D21A61B9FC2BE00A19C4F /* AppDelegate.swift */,
				FE9D21A81B9FC2BE00A19C4F /* ViewController.swift */,
				FE9D21AA1B9FC2BE00A19C4F /* Main.storyboard */,
				FE9D21AD1B9FC2BE00A19C4F /* Images.xcassets */,
				FE9D21AF1B9FC2BE00A19C4F /* LaunchScreen.xib */,
				FE9D21A41B9FC2BE00A19C4F /* Supporting Files */,
			);
			path = Project22;
			sourceTree = "<group>";
		};
		FE9D21A41B9FC2BE00A19C4F /* Supporting Files */ = {
			isa = PBXGroup;
			children = (
				FE9D21A51B9FC2BE00A19C4F /* Info.plist */,
			);
			name = "Supporting Files";
			sourceTree = "<group>";
		};
		FE9D21B91B9FC2BE00A19C4F /* Project22Tests */ = {
			isa = PBXGroup;
			children = (
				FE9D21BC1B9FC2BE00A19C4F /* Project22Tests.swift */,
				FE9D21BA1B9FC2BE00A19C4F /* Supporting Files */,
			);
			path = Project22Tests;
			sourceTree = "<group>";
		};
		FE9D21BA1B9FC2BE00A19C4F /* Supporting Files */ = {
			isa = PBXGroup;
			children = (
				FE9D21BB1B9FC2BE00A19C4F /* Info.plist */,
			);
			name = "Supporting Files";
			sourceTree = "<group>";
		};
/* End PBXGroup section */

/* Begin PBXNativeTarget section */
		FE9D21A01B9FC2BE00A19C4F /* Project22 */ = {
			isa = PBXNativeTarget;
			buildConfigurationList = FE9D21C01B9FC2BE00A19C4F /* Build configuration list for PBXNativeTarget "Project22" */;
			buildPhases = (
				FE9D219D1B9FC2BE00A19C4F /* Sources */,
				FE9D219E1B9FC2BE00A19C4F /* Frameworks */,
				FE9D219F1B9FC2BE00A19C4F /* Resources */,
			);
			buildRules = (
			);
			dependencies = (
			);
			name = Project22;
			productName = Project22;
			productReference = FE9D21A11B9FC2BE00A19C4F /* Project22.app */;
			productType = "com.apple.product-type.application";
		};
		FE9D21B51B9FC2BE00A19C4F /* Project22Tests */ = {
			isa = PBXNativeTarget;
			buildConfigurationList = FE9D21C31B9FC2BE00A19C4F /* Build configuration list for PBXNativeTarget "Project22Tests" */;
			buildPhases = (
				FE9D21B21B9FC2BE00A19C4F /* Sources */,
				FE9D21B31B9FC2BE00A19C4F /* Frameworks */,
				FE9D21B41B9FC2BE00A19C4F /* Resources */,
			);
			buildRules = (
			);
			dependencies = (
				FE9D21B81B9FC2BE00A19C4F /* PBXTargetDependency */,
			);
			name = Project22Tests;
			productName = Project22Tests;
			productReference = FE9D21B61B9FC2BE00A19C4F /* Project22Tests.xctest */;
			productType = "com.apple.product-type.bundle.unit-test";
		};
/* End PBXNativeTarget section */

/* Begin PBXProject section */
		FE9D21991B9FC2BE00A19C4F /* Project object */ = {
			isa = PBXProject;
			attributes = {
				LastUpgradeCheck = 0640;
				ORGANIZATIONNAME = "Elex Lee";
				TargetAttributes = {
					FE9D21A01B9FC2BE00A19C4F = {
						CreatedOnToolsVersion = 6.4;
					};
					FE9D21B51B9FC2BE00A19C4F = {
						CreatedOnToolsVersion = 6.4;
						TestTargetID = FE9D21A01B9FC2BE00A19C4F;
					};
				};
			};
			buildConfigurationList = FE9D219C1B9FC2BE00A19C4F /* Build configuration list for PBXProject "Project22" */;
			compatibilityVersion = "Xcode 3.2";
			developmentRegion = English;
			hasScannedForEncodings = 0;
			knownRegions = (
				en,
				Base,
			);
			mainGroup = FE9D21981B9FC2BE00A19C4F;
			productRefGroup = FE9D21A21B9FC2BE00A19C4F /* Products */;
			projectDirPath = "";
			projectRoot = "";
			targets = (
				FE9D21A01B9FC2BE00A19C4F /* Project22 */,
				FE9D21B51B9FC2BE00A19C4F /* Project22Tests */,
			);
		};
/* End PBXProject section */

/* Begin PBXResourcesBuildPhase section */
		FE9D219F1B9FC2BE00A19C4F /* Resources */ = {
			isa = PBXResourcesBuildPhase;
			buildActionMask = 2147483647;
			files = (
				FE9D21AC1B9FC2BE00A19C4F /* Main.storyboard in Resources */,
				FE9D21B11B9FC2BE00A19C4F /* LaunchScreen.xib in Resources */,
				FE9D21AE1B9FC2BE00A19C4F /* Images.xcassets in Resources */,
			);
			runOnlyForDeploymentPostprocessing = 0;
		};
		FE9D21B41B9FC2BE00A19C4F /* Resources */ = {
			isa = PBXResourcesBuildPhase;
			buildActionMask = 2147483647;
			files = (
			);
			runOnlyForDeploymentPostprocessing = 0;
		};
/* End PBXResourcesBuildPhase section */

/* Begin PBXSourcesBuildPhase section */
		FE9D219D1B9FC2BE00A19C4F /* Sources */ = {
			isa = PBXSourcesBuildPhase;
			buildActionMask = 2147483647;
			files = (
				FE9D21A91B9FC2BE00A19C4F /* ViewController.swift in Sources */,
				FE9D21A71B9FC2BE00A19C4F /* AppDelegate.swift in Sources */,
			);
			runOnlyForDeploymentPostprocessing = 0;
		};
		FE9D21B21B9FC2BE00A19C4F /* Sources */ = {
			isa = PBXSourcesBuildPhase;
			buildActionMask = 2147483647;
			files = (
				FE9D21BD1B9FC2BE00A19C4F /* Project22Tests.swift in Sources */,
			);
			runOnlyForDeploymentPostprocessing = 0;
		};
/* End PBXSourcesBuildPhase section */

/* Begin PBXTargetDependency section */
		FE9D21B81B9FC2BE00A19C4F /* PBXTargetDependency */ = {
			isa = PBXTargetDependency;
			target = FE9D21A01B9FC2BE00A19C4F /* Project22 */;
			targetProxy = FE9D21B71B9FC2BE00A19C4F /* PBXContainerItemProxy */;
		};
/* End PBXTargetDependency section */

/* Begin PBXVariantGroup section */
		FE9D21AA1B9FC2BE00A19C4F /* Main.storyboard */ = {
			isa = PBXVariantGroup;
			children = (
				FE9D21AB1B9FC2BE00A19C4F /* Base */,
			);
			name = Main.storyboard;
			sourceTree = "<group>";
		};
		FE9D21AF1B9FC2BE00A19C4F /* LaunchScreen.xib */ = {
			isa = PBXVariantGroup;
			children = (
				FE9D21B01B9FC2BE00A19C4F /* Base */,
			);
			name = LaunchScreen.xib;
			sourceTree = "<group>";
		};
/* End PBXVariantGroup section */

/* Begin XCBuildConfiguration section */
		FE9D21BE1B9FC2BE00A19C4F /* Debug */ = {
			isa = XCBuildConfiguration;
			buildSettings = {
				ALWAYS_SEARCH_USER_PATHS = NO;
				CLANG_CXX_LANGUAGE_STANDARD = "gnu++0x";
				CLANG_CXX_LIBRARY = "libc++";
				CLANG_ENABLE_MODULES = YES;
				CLANG_ENABLE_OBJC_ARC = YES;
				CLANG_WARN_BOOL_CONVERSION = YES;
				CLANG_WARN_CONSTANT_CONVERSION = YES;
				CLANG_WARN_DIRECT_OBJC_ISA_USAGE = YES_ERROR;
				CLANG_WARN_EMPTY_BODY = YES;
				CLANG_WARN_ENUM_CONVERSION = YES;
				CLANG_WARN_INT_CONVERSION = YES;
				CLANG_WARN_OBJC_ROOT_CLASS = YES_ERROR;
				CLANG_WARN_UNREACHABLE_CODE = YES;
				CLANG_WARN__DUPLICATE_METHOD_MATCH = YES;
				"CODE_SIGN_IDENTITY[sdk=iphoneos*]" = "iPhone Developer";
				COPY_PHASE_STRIP = NO;
				DEBUG_INFORMATION_FORMAT = "dwarf-with-dsym";
				ENABLE_STRICT_OBJC_MSGSEND = YES;
				GCC_C_LANGUAGE_STANDARD = gnu99;
				GCC_DYNAMIC_NO_PIC = NO;
				GCC_NO_COMMON_BLOCKS = YES;
				GCC_OPTIMIZATION_LEVEL = 0;
				GCC_PREPROCESSOR_DEFINITIONS = (
					"DEBUG=1",
					"$(inherited)",
				);
				GCC_SYMBOLS_PRIVATE_EXTERN = NO;
				GCC_WARN_64_TO_32_BIT_CONVERSION = YES;
				GCC_WARN_ABOUT_RETURN_TYPE = YES_ERROR;
				GCC_WARN_UNDECLARED_SELECTOR = YES;
				GCC_WARN_UNINITIALIZED_AUTOS = YES_AGGRESSIVE;
				GCC_WARN_UNUSED_FUNCTION = YES;
				GCC_WARN_UNUSED_VARIABLE = YES;
				IPHONEOS_DEPLOYMENT_TARGET = 8.4;
				MTL_ENABLE_DEBUG_INFO = YES;
				ONLY_ACTIVE_ARCH = YES;
				SDKROOT = iphoneos;
				SWIFT_OPTIMIZATION_LEVEL = "-Onone";
				TARGETED_DEVICE_FAMILY = "1,2";
			};
			name = Debug;
		};
		FE9D21BF1B9FC2BE00A19C4F /* Release */ = {
			isa = XCBuildConfiguration;
			buildSettings = {
				ALWAYS_SEARCH_USER_PATHS = NO;
				CLANG_CXX_LANGUAGE_STANDARD = "gnu++0x";
				CLANG_CXX_LIBRARY = "libc++";
				CLANG_ENABLE_MODULES = YES;
				CLANG_ENABLE_OBJC_ARC = YES;
				CLANG_WARN_BOOL_CONVERSION = YES;
				CLANG_WARN_CONSTANT_CONVERSION = YES;
				CLANG_WARN_DIRECT_OBJC_ISA_USAGE = YES_ERROR;
				CLANG_WARN_EMPTY_BODY = YES;
				CLANG_WARN_ENUM_CONVERSION = YES;
				CLANG_WARN_INT_CONVERSION = YES;
				CLANG_WARN_OBJC_ROOT_CLASS = YES_ERROR;
				CLANG_WARN_UNREACHABLE_CODE = YES;
				CLANG_WARN__DUPLICATE_METHOD_MATCH = YES;
				"CODE_SIGN_IDENTITY[sdk=iphoneos*]" = "iPhone Developer";
				COPY_PHASE_STRIP = NO;
				DEBUG_INFORMATION_FORMAT = "dwarf-with-dsym";
				ENABLE_NS_ASSERTIONS = NO;
				ENABLE_STRICT_OBJC_MSGSEND = YES;
				GCC_C_LANGUAGE_STANDARD = gnu99;
				GCC_NO_COMMON_BLOCKS = YES;
				GCC_WARN_64_TO_32_BIT_CONVERSION = YES;
				GCC_WARN_ABOUT_RETURN_TYPE = YES_ERROR;
				GCC_WARN_UNDECLARED_SELECTOR = YES;
				GCC_WARN_UNINITIALIZED_AUTOS = YES_AGGRESSIVE;
				GCC_WARN_UNUSED_FUNCTION = YES;
				GCC_WARN_UNUSED_VARIABLE = YES;
				IPHONEOS_DEPLOYMENT_TARGET = 8.4;
				MTL_ENABLE_DEBUG_INFO = NO;
				SDKROOT = iphoneos;
				TARGETED_DEVICE_FAMILY = "1,2";
				VALIDATE_PRODUCT = YES;
			};
			name = Release;
		};
		FE9D21C11B9FC2BE00A19C4F /* Debug */ = {
			isa = XCBuildConfiguration;
			buildSettings = {
				ASSETCATALOG_COMPILER_APPICON_NAME = AppIcon;
				INFOPLIST_FILE = Project22/Info.plist;
				LD_RUNPATH_SEARCH_PATHS = "$(inherited) @executable_path/Frameworks";
				PRODUCT_NAME = "$(TARGET_NAME)";
			};
			name = Debug;
		};
		FE9D21C21B9FC2BE00A19C4F /* Release */ = {
			isa = XCBuildConfiguration;
			buildSettings = {
				ASSETCATALOG_COMPILER_APPICON_NAME = AppIcon;
				INFOPLIST_FILE = Project22/Info.plist;
				LD_RUNPATH_SEARCH_PATHS = "$(inherited) @executable_path/Frameworks";
				PRODUCT_NAME = "$(TARGET_NAME)";
			};
			name = Release;
		};
		FE9D21C41B9FC2BE00A19C4F /* Debug */ = {
			isa = XCBuildConfiguration;
			buildSettings = {
				BUNDLE_LOADER = "$(TEST_HOST)";
				FRAMEWORK_SEARCH_PATHS = (
					"$(SDKROOT)/Developer/Library/Frameworks",
					"$(inherited)",
				);
				GCC_PREPROCESSOR_DEFINITIONS = (
					"DEBUG=1",
					"$(inherited)",
				);
				INFOPLIST_FILE = Project22Tests/Info.plist;
				LD_RUNPATH_SEARCH_PATHS = "$(inherited) @executable_path/Frameworks @loader_path/Frameworks";
				PRODUCT_NAME = "$(TARGET_NAME)";
				TEST_HOST = "$(BUILT_PRODUCTS_DIR)/Project22.app/Project22";
			};
			name = Debug;
		};
		FE9D21C51B9FC2BE00A19C4F /* Release */ = {
			isa = XCBuildConfiguration;
			buildSettings = {
				BUNDLE_LOADER = "$(TEST_HOST)";
				FRAMEWORK_SEARCH_PATHS = (
					"$(SDKROOT)/Developer/Library/Frameworks",
					"$(inherited)",
				);
				INFOPLIST_FILE = Project22Tests/Info.plist;
				LD_RUNPATH_SEARCH_PATHS = "$(inherited) @executable_path/Frameworks @loader_path/Frameworks";
				PRODUCT_NAME = "$(TARGET_NAME)";
				TEST_HOST = "$(BUILT_PRODUCTS_DIR)/Project22.app/Project22";
			};
			name = Release;
		};
/* End XCBuildConfiguration section */

/* Begin XCConfigurationList section */
		FE9D219C1B9FC2BE00A19C4F /* Build configuration list for PBXProject "Project22" */ = {
			isa = XCConfigurationList;
			buildConfigurations = (
				FE9D21BE1B9FC2BE00A19C4F /* Debug */,
				FE9D21BF1B9FC2BE00A19C4F /* Release */,
			);
			defaultConfigurationIsVisible = 0;
			defaultConfigurationName = Release;
		};
		FE9D21C01B9FC2BE00A19C4F /* Build configuration list for PBXNativeTarget "Project22" */ = {
			isa = XCConfigurationList;
			buildConfigurations = (
				FE9D21C11B9FC2BE00A19C4F /* Debug */,
				FE9D21C21B9FC2BE00A19C4F /* Release */,
			);
			defaultConfigurationIsVisible = 0;
		};
		FE9D21C31B9FC2BE00A19C4F /* Build configuration list for PBXNativeTarget "Project22Tests" */ = {
			isa = XCConfigurationList;
			buildConfigurations = (
				FE9D21C41B9FC2BE00A19C4F /* Debug */,
				FE9D21C51B9FC2BE00A19C4F /* Release */,
			);
			defaultConfigurationIsVisible = 0;
		};
/* End XCConfigurationList section */
	};
	rootObject = FE9D21991B9FC2BE00A19C4F /* Project object */;
}
