// !$*UTF8*$!
{
	archiveVersion = 1;
	classes = {
	};
	objectVersion = 46;
	objects = {

/* Begin PBXBuildFile section */
		FE9D21041B9FAD8C00A19C4F /* AppDelegate.swift in Sources */ = {isa = PBXBuildFile; fileRef = FE9D21031B9FAD8C00A19C4F /* AppDelegate.swift */; };
		FE9D21061B9FAD8C00A19C4F /* ViewController.swift in Sources */ = {isa = PBXBuildFile; fileRef = FE9D21051B9FAD8C00A19C4F /* ViewController.swift */; };
		FE9D21091B9FAD8C00A19C4F /* Main.storyboard in Resources */ = {isa = PBXBuildFile; fileRef = FE9D21071B9FAD8C00A19C4F /* Main.storyboard */; };
		FE9D210B1B9FAD8C00A19C4F /* Images.xcassets in Resources */ = {isa = PBXBuildFile; fileRef = FE9D210A1B9FAD8C00A19C4F /* Images.xcassets */; };
		FE9D210E1B9FAD8C00A19C4F /* LaunchScreen.xib in Resources */ = {isa = PBXBuildFile; fileRef = FE9D210C1B9FAD8C00A19C4F /* LaunchScreen.xib */; };
		FE9D211A1B9FAD8C00A19C4F /* Project19Tests.swift in Sources */ = {isa = PBXBuildFile; fileRef = FE9D21191B9FAD8C00A19C4F /* Project19Tests.swift */; };
		FE9D21241B9FAE1000A19C4F /* MapKit.framework in Frameworks */ = {isa = PBXBuildFile; fileRef = FE9D21231B9FAE1000A19C4F /* MapKit.framework */; };
		FE9D21261B9FAEA700A19C4F /* Capital.swift in Sources */ = {isa = PBXBuildFile; fileRef = FE9D21251B9FAEA700A19C4F /* Capital.swift */; };
/* End PBXBuildFile section */

/* Begin PBXContainerItemProxy section */
		FE9D21141B9FAD8C00A19C4F /* PBXContainerItemProxy */ = {
			isa = PBXContainerItemProxy;
			containerPortal = FE9D20F61B9FAD8C00A19C4F /* Project object */;
			proxyType = 1;
			remoteGlobalIDString = FE9D20FD1B9FAD8C00A19C4F;
			remoteInfo = Project19;
		};
/* End PBXContainerItemProxy section */

/* Begin PBXFileReference section */
		FE9D20FE1B9FAD8C00A19C4F /* Project19.app */ = {isa = PBXFileReference; explicitFileType = wrapper.application; includeInIndex = 0; path = Project19.app; sourceTree = BUILT_PRODUCTS_DIR; };
		FE9D21021B9FAD8C00A19C4F /* Info.plist */ = {isa = PBXFileReference; lastKnownFileType = text.plist.xml; path = Info.plist; sourceTree = "<group>"; };
		FE9D21031B9FAD8C00A19C4F /* AppDelegate.swift */ = {isa = PBXFileReference; lastKnownFileType = sourcecode.swift; path = AppDelegate.swift; sourceTree = "<group>"; };
		FE9D21051B9FAD8C00A19C4F /* ViewController.swift */ = {isa = PBXFileReference; lastKnownFileType = sourcecode.swift; path = ViewController.swift; sourceTree = "<group>"; };
		FE9D21081B9FAD8C00A19C4F /* Base */ = {isa = PBXFileReference; lastKnownFileType = file.storyboard; name = Base; path = Base.lproj/Main.storyboard; sourceTree = "<group>"; };
		FE9D210A1B9FAD8C00A19C4F /* Images.xcassets */ = {isa = PBXFileReference; lastKnownFileType = folder.assetcatalog; path = Images.xcassets; sourceTree = "<group>"; };
		FE9D210D1B9FAD8C00A19C4F /* Base */ = {isa = PBXFileReference; lastKnownFileType = file.xib; name = Base; path = Base.lproj/LaunchScreen.xib; sourceTree = "<group>"; };
		FE9D21131B9FAD8C00A19C4F /* Project19Tests.xctest */ = {isa = PBXFileReference; explicitFileType = wrapper.cfbundle; includeInIndex = 0; path = Project19Tests.xctest; sourceTree = BUILT_PRODUCTS_DIR; };
		FE9D21181B9FAD8C00A19C4F /* Info.plist */ = {isa = PBXFileReference; lastKnownFileType = text.plist.xml; path = Info.plist; sourceTree = "<group>"; };
		FE9D21191B9FAD8C00A19C4F /* Project19Tests.swift */ = {isa = PBXFileReference; lastKnownFileType = sourcecode.swift; path = Project19Tests.swift; sourceTree = "<group>"; };
		FE9D21231B9FAE1000A19C4F /* MapKit.framework */ = {isa = PBXFileReference; lastKnownFileType = wrapper.framework; name = MapKit.framework; path = System/Library/Frameworks/MapKit.framework; sourceTree = SDKROOT; };
		FE9D21251B9FAEA700A19C4F /* Capital.swift */ = {isa = PBXFileReference; fileEncoding = 4; lastKnownFileType = sourcecode.swift; path = Capital.swift; sourceTree = "<group>"; };
/* End PBXFileReference section */

/* Begin PBXFrameworksBuildPhase section */
		FE9D20FB1B9FAD8C00A19C4F /* Frameworks */ = {
			isa = PBXFrameworksBuildPhase;
			buildActionMask = 2147483647;
			files = (
				FE9D21241B9FAE1000A19C4F /* MapKit.framework in Frameworks */,
			);
			runOnlyForDeploymentPostprocessing = 0;
		};
		FE9D21101B9FAD8C00A19C4F /* Frameworks */ = {
			isa = PBXFrameworksBuildPhase;
			buildActionMask = 2147483647;
			files = (
			);
			runOnlyForDeploymentPostprocessing = 0;
		};
/* End PBXFrameworksBuildPhase section */

/* Begin PBXGroup section */
		FE9D20F51B9FAD8C00A19C4F = {
			isa = PBXGroup;
			children = (
				FE9D21231B9FAE1000A19C4F /* MapKit.framework */,
				FE9D21001B9FAD8C00A19C4F /* Project19 */,
				FE9D21161B9FAD8C00A19C4F /* Project19Tests */,
				FE9D20FF1B9FAD8C00A19C4F /* Products */,
			);
			sourceTree = "<group>";
		};
		FE9D20FF1B9FAD8C00A19C4F /* Products */ = {
			isa = PBXGroup;
			children = (
				FE9D20FE1B9FAD8C00A19C4F /* Project19.app */,
				FE9D21131B9FAD8C00A19C4F /* Project19Tests.xctest */,
			);
			name = Products;
			sourceTree = "<group>";
		};
		FE9D21001B9FAD8C00A19C4F /* Project19 */ = {
			isa = PBXGroup;
			children = (
				FE9D21031B9FAD8C00A19C4F /* AppDelegate.swift */,
				FE9D21051B9FAD8C00A19C4F /* ViewController.swift */,
				FE9D21251B9FAEA700A19C4F /* Capital.swift */,
				FE9D21071B9FAD8C00A19C4F /* Main.storyboard */,
				FE9D210A1B9FAD8C00A19C4F /* Images.xcassets */,
				FE9D210C1B9FAD8C00A19C4F /* LaunchScreen.xib */,
				FE9D21011B9FAD8C00A19C4F /* Supporting Files */,
			);
			path = Project19;
			sourceTree = "<group>";
		};
		FE9D21011B9FAD8C00A19C4F /* Supporting Files */ = {
			isa = PBXGroup;
			children = (
				FE9D21021B9FAD8C00A19C4F /* Info.plist */,
			);
			name = "Supporting Files";
			sourceTree = "<group>";
		};
		FE9D21161B9FAD8C00A19C4F /* Project19Tests */ = {
			isa = PBXGroup;
			children = (
				FE9D21191B9FAD8C00A19C4F /* Project19Tests.swift */,
				FE9D21171B9FAD8C00A19C4F /* Supporting Files */,
			);
			path = Project19Tests;
			sourceTree = "<group>";
		};
		FE9D21171B9FAD8C00A19C4F /* Supporting Files */ = {
			isa = PBXGroup;
			children = (
				FE9D21181B9FAD8C00A19C4F /* Info.plist */,
			);
			name = "Supporting Files";
			sourceTree = "<group>";
		};
/* End PBXGroup section */

/* Begin PBXNativeTarget section */
		FE9D20FD1B9FAD8C00A19C4F /* Project19 */ = {
			isa = PBXNativeTarget;
			buildConfigurationList = FE9D211D1B9FAD8C00A19C4F /* Build configuration list for PBXNativeTarget "Project19" */;
			buildPhases = (
				FE9D20FA1B9FAD8C00A19C4F /* Sources */,
				FE9D20FB1B9FAD8C00A19C4F /* Frameworks */,
				FE9D20FC1B9FAD8C00A19C4F /* Resources */,
			);
			buildRules = (
			);
			dependencies = (
			);
			name = Project19;
			productName = Project19;
			productReference = FE9D20FE1B9FAD8C00A19C4F /* Project19.app */;
			productType = "com.apple.product-type.application";
		};
		FE9D21121B9FAD8C00A19C4F /* Project19Tests */ = {
			isa = PBXNativeTarget;
			buildConfigurationList = FE9D21201B9FAD8C00A19C4F /* Build configuration list for PBXNativeTarget "Project19Tests" */;
			buildPhases = (
				FE9D210F1B9FAD8C00A19C4F /* Sources */,
				FE9D21101B9FAD8C00A19C4F /* Frameworks */,
				FE9D21111B9FAD8C00A19C4F /* Resources */,
			);
			buildRules = (
			);
			dependencies = (
				FE9D21151B9FAD8C00A19C4F /* PBXTargetDependency */,
			);
			name = Project19Tests;
			productName = Project19Tests;
			productReference = FE9D21131B9FAD8C00A19C4F /* Project19Tests.xctest */;
			productType = "com.apple.product-type.bundle.unit-test";
		};
/* End PBXNativeTarget section */

/* Begin PBXProject section */
		FE9D20F61B9FAD8C00A19C4F /* Project object */ = {
			isa = PBXProject;
			attributes = {
				LastUpgradeCheck = 0640;
				ORGANIZATIONNAME = "Elex Lee";
				TargetAttributes = {
					FE9D20FD1B9FAD8C00A19C4F = {
						CreatedOnToolsVersion = 6.4;
						SystemCapabilities = {
							com.apple.Maps.iOS = {
								enabled = 1;
							};
						};
					};
					FE9D21121B9FAD8C00A19C4F = {
						CreatedOnToolsVersion = 6.4;
						TestTargetID = FE9D20FD1B9FAD8C00A19C4F;
					};
				};
			};
			buildConfigurationList = FE9D20F91B9FAD8C00A19C4F /* Build configuration list for PBXProject "Project19" */;
			compatibilityVersion = "Xcode 3.2";
			developmentRegion = English;
			hasScannedForEncodings = 0;
			knownRegions = (
				en,
				Base,
			);
			mainGroup = FE9D20F51B9FAD8C00A19C4F;
			productRefGroup = FE9D20FF1B9FAD8C00A19C4F /* Products */;
			projectDirPath = "";
			projectRoot = "";
			targets = (
				FE9D20FD1B9FAD8C00A19C4F /* Project19 */,
				FE9D21121B9FAD8C00A19C4F /* Project19Tests */,
			);
		};
/* End PBXProject section */

/* Begin PBXResourcesBuildPhase section */
		FE9D20FC1B9FAD8C00A19C4F /* Resources */ = {
			isa = PBXResourcesBuildPhase;
			buildActionMask = 2147483647;
			files = (
				FE9D21091B9FAD8C00A19C4F /* Main.storyboard in Resources */,
				FE9D210E1B9FAD8C00A19C4F /* LaunchScreen.xib in Resources */,
				FE9D210B1B9FAD8C00A19C4F /* Images.xcassets in Resources */,
			);
			runOnlyForDeploymentPostprocessing = 0;
		};
		FE9D21111B9FAD8C00A19C4F /* Resources */ = {
			isa = PBXResourcesBuildPhase;
			buildActionMask = 2147483647;
			files = (
			);
			runOnlyForDeploymentPostprocessing = 0;
		};
/* End PBXResourcesBuildPhase section */

/* Begin PBXSourcesBuildPhase section */
		FE9D20FA1B9FAD8C00A19C4F /* Sources */ = {
			isa = PBXSourcesBuildPhase;
			buildActionMask = 2147483647;
			files = (
				FE9D21061B9FAD8C00A19C4F /* ViewController.swift in Sources */,
				FE9D21041B9FAD8C00A19C4F /* AppDelegate.swift in Sources */,
				FE9D21261B9FAEA700A19C4F /* Capital.swift in Sources */,
			);
			runOnlyForDeploymentPostprocessing = 0;
		};
		FE9D210F1B9FAD8C00A19C4F /* Sources */ = {
			isa = PBXSourcesBuildPhase;
			buildActionMask = 2147483647;
			files = (
				FE9D211A1B9FAD8C00A19C4F /* Project19Tests.swift in Sources */,
			);
			runOnlyForDeploymentPostprocessing = 0;
		};
/* End PBXSourcesBuildPhase section */

/* Begin PBXTargetDependency section */
		FE9D21151B9FAD8C00A19C4F /* PBXTargetDependency */ = {
			isa = PBXTargetDependency;
			target = FE9D20FD1B9FAD8C00A19C4F /* Project19 */;
			targetProxy = FE9D21141B9FAD8C00A19C4F /* PBXContainerItemProxy */;
		};
/* End PBXTargetDependency section */

/* Begin PBXVariantGroup section */
		FE9D21071B9FAD8C00A19C4F /* Main.storyboard */ = {
			isa = PBXVariantGroup;
			children = (
				FE9D21081B9FAD8C00A19C4F /* Base */,
			);
			name = Main.storyboard;
			sourceTree = "<group>";
		};
		FE9D210C1B9FAD8C00A19C4F /* LaunchScreen.xib */ = {
			isa = PBXVariantGroup;
			children = (
				FE9D210D1B9FAD8C00A19C4F /* Base */,
			);
			name = LaunchScreen.xib;
			sourceTree = "<group>";
		};
/* End PBXVariantGroup section */

/* Begin XCBuildConfiguration section */
		FE9D211B1B9FAD8C00A19C4F /* Debug */ = {
			isa = XCBuildConfiguration;
			buildSettings = {
				ALWAYS_SEARCH_USER_PATHS = NO;
				CLANG_CXX_LANGUAGE_STANDARD = "gnu++0x";
				CLANG_CXX_LIBRARY = "libc++";
				CLANG_ENABLE_MODULES = YES;
				CLANG_ENABLE_OBJC_ARC = YES;
				CLANG_WARN_BOOL_CONVERSION = YES;
				CLANG_WARN_CONSTANT_CONVERSION = YES;
				CLANG_WARN_DIRECT_OBJC_ISA_USAGE = YES_ERROR;
				CLANG_WARN_EMPTY_BODY = YES;
				CLANG_WARN_ENUM_CONVERSION = YES;
				CLANG_WARN_INT_CONVERSION = YES;
				CLANG_WARN_OBJC_ROOT_CLASS = YES_ERROR;
				CLANG_WARN_UNREACHABLE_CODE = YES;
				CLANG_WARN__DUPLICATE_METHOD_MATCH = YES;
				"CODE_SIGN_IDENTITY[sdk=iphoneos*]" = "iPhone Developer";
				COPY_PHASE_STRIP = NO;
				DEBUG_INFORMATION_FORMAT = "dwarf-with-dsym";
				ENABLE_STRICT_OBJC_MSGSEND = YES;
				GCC_C_LANGUAGE_STANDARD = gnu99;
				GCC_DYNAMIC_NO_PIC = NO;
				GCC_NO_COMMON_BLOCKS = YES;
				GCC_OPTIMIZATION_LEVEL = 0;
				GCC_PREPROCESSOR_DEFINITIONS = (
					"DEBUG=1",
					"$(inherited)",
				);
				GCC_SYMBOLS_PRIVATE_EXTERN = NO;
				GCC_WARN_64_TO_32_BIT_CONVERSION = YES;
				GCC_WARN_ABOUT_RETURN_TYPE = YES_ERROR;
				GCC_WARN_UNDECLARED_SELECTOR = YES;
				GCC_WARN_UNINITIALIZED_AUTOS = YES_AGGRESSIVE;
				GCC_WARN_UNUSED_FUNCTION = YES;
				GCC_WARN_UNUSED_VARIABLE = YES;
				IPHONEOS_DEPLOYMENT_TARGET = 8.4;
				MTL_ENABLE_DEBUG_INFO = YES;
				ONLY_ACTIVE_ARCH = YES;
				SDKROOT = iphoneos;
				SWIFT_OPTIMIZATION_LEVEL = "-Onone";
			};
			name = Debug;
		};
		FE9D211C1B9FAD8C00A19C4F /* Release */ = {
			isa = XCBuildConfiguration;
			buildSettings = {
				ALWAYS_SEARCH_USER_PATHS = NO;
				CLANG_CXX_LANGUAGE_STANDARD = "gnu++0x";
				CLANG_CXX_LIBRARY = "libc++";
				CLANG_ENABLE_MODULES = YES;
				CLANG_ENABLE_OBJC_ARC = YES;
				CLANG_WARN_BOOL_CONVERSION = YES;
				CLANG_WARN_CONSTANT_CONVERSION = YES;
				CLANG_WARN_DIRECT_OBJC_ISA_USAGE = YES_ERROR;
				CLANG_WARN_EMPTY_BODY = YES;
				CLANG_WARN_ENUM_CONVERSION = YES;
				CLANG_WARN_INT_CONVERSION = YES;
				CLANG_WARN_OBJC_ROOT_CLASS = YES_ERROR;
				CLANG_WARN_UNREACHABLE_CODE = YES;
				CLANG_WARN__DUPLICATE_METHOD_MATCH = YES;
				"CODE_SIGN_IDENTITY[sdk=iphoneos*]" = "iPhone Developer";
				COPY_PHASE_STRIP = NO;
				DEBUG_INFORMATION_FORMAT = "dwarf-with-dsym";
				ENABLE_NS_ASSERTIONS = NO;
				ENABLE_STRICT_OBJC_MSGSEND = YES;
				GCC_C_LANGUAGE_STANDARD = gnu99;
				GCC_NO_COMMON_BLOCKS = YES;
				GCC_WARN_64_TO_32_BIT_CONVERSION = YES;
				GCC_WARN_ABOUT_RETURN_TYPE = YES_ERROR;
				GCC_WARN_UNDECLARED_SELECTOR = YES;
				GCC_WARN_UNINITIALIZED_AUTOS = YES_AGGRESSIVE;
				GCC_WARN_UNUSED_FUNCTION = YES;
				GCC_WARN_UNUSED_VARIABLE = YES;
				IPHONEOS_DEPLOYMENT_TARGET = 8.4;
				MTL_ENABLE_DEBUG_INFO = NO;
				SDKROOT = iphoneos;
				VALIDATE_PRODUCT = YES;
			};
			name = Release;
		};
		FE9D211E1B9FAD8C00A19C4F /* Debug */ = {
			isa = XCBuildConfiguration;
			buildSettings = {
				ASSETCATALOG_COMPILER_APPICON_NAME = AppIcon;
				INFOPLIST_FILE = Project19/Info.plist;
				LD_RUNPATH_SEARCH_PATHS = "$(inherited) @executable_path/Frameworks";
				PRODUCT_NAME = "$(TARGET_NAME)";
			};
			name = Debug;
		};
		FE9D211F1B9FAD8C00A19C4F /* Release */ = {
			isa = XCBuildConfiguration;
			buildSettings = {
				ASSETCATALOG_COMPILER_APPICON_NAME = AppIcon;
				INFOPLIST_FILE = Project19/Info.plist;
				LD_RUNPATH_SEARCH_PATHS = "$(inherited) @executable_path/Frameworks";
				PRODUCT_NAME = "$(TARGET_NAME)";
			};
			name = Release;
		};
		FE9D21211B9FAD8C00A19C4F /* Debug */ = {
			isa = XCBuildConfiguration;
			buildSettings = {
				BUNDLE_LOADER = "$(TEST_HOST)";
				FRAMEWORK_SEARCH_PATHS = (
					"$(SDKROOT)/Developer/Library/Frameworks",
					"$(inherited)",
				);
				GCC_PREPROCESSOR_DEFINITIONS = (
					"DEBUG=1",
					"$(inherited)",
				);
				INFOPLIST_FILE = Project19Tests/Info.plist;
				LD_RUNPATH_SEARCH_PATHS = "$(inherited) @executable_path/Frameworks @loader_path/Frameworks";
				PRODUCT_NAME = "$(TARGET_NAME)";
				TEST_HOST = "$(BUILT_PRODUCTS_DIR)/Project19.app/Project19";
			};
			name = Debug;
		};
		FE9D21221B9FAD8C00A19C4F /* Release */ = {
			isa = XCBuildConfiguration;
			buildSettings = {
				BUNDLE_LOADER = "$(TEST_HOST)";
				FRAMEWORK_SEARCH_PATHS = (
					"$(SDKROOT)/Developer/Library/Frameworks",
					"$(inherited)",
				);
				INFOPLIST_FILE = Project19Tests/Info.plist;
				LD_RUNPATH_SEARCH_PATHS = "$(inherited) @executable_path/Frameworks @loader_path/Frameworks";
				PRODUCT_NAME = "$(TARGET_NAME)";
				TEST_HOST = "$(BUILT_PRODUCTS_DIR)/Project19.app/Project19";
			};
			name = Release;
		};
/* End XCBuildConfiguration section */

/* Begin XCConfigurationList section */
		FE9D20F91B9FAD8C00A19C4F /* Build configuration list for PBXProject "Project19" */ = {
			isa = XCConfigurationList;
			buildConfigurations = (
				FE9D211B1B9FAD8C00A19C4F /* Debug */,
				FE9D211C1B9FAD8C00A19C4F /* Release */,
			);
			defaultConfigurationIsVisible = 0;
			defaultConfigurationName = Release;
		};
		FE9D211D1B9FAD8C00A19C4F /* Build configuration list for PBXNativeTarget "Project19" */ = {
			isa = XCConfigurationList;
			buildConfigurations = (
				FE9D211E1B9FAD8C00A19C4F /* Debug */,
				FE9D211F1B9FAD8C00A19C4F /* Release */,
			);
			defaultConfigurationIsVisible = 0;
		};
		FE9D21201B9FAD8C00A19C4F /* Build configuration list for PBXNativeTarget "Project19Tests" */ = {
			isa = XCConfigurationList;
			buildConfigurations = (
				FE9D21211B9FAD8C00A19C4F /* Debug */,
				FE9D21221B9FAD8C00A19C4F /* Release */,
			);
			defaultConfigurationIsVisible = 0;
		};
/* End XCConfigurationList section */
	};
	rootObject = FE9D20F61B9FAD8C00A19C4F /* Project object */;
}
