// !$*UTF8*$!
{
	archiveVersion = 1;
	classes = {
	};
	objectVersion = 46;
	objects = {

/* Begin PBXBuildFile section */
		FE0C33C51B97F4E600DE2490 /* AppDelegate.swift in Sources */ = {isa = PBXBuildFile; fileRef = FE0C33C41B97F4E600DE2490 /* AppDelegate.swift */; };
		FE0C33C71B97F4E600DE2490 /* MasterViewController.swift in Sources */ = {isa = PBXBuildFile; fileRef = FE0C33C61B97F4E600DE2490 /* MasterViewController.swift */; };
		FE0C33C91B97F4E600DE2490 /* DetailViewController.swift in Sources */ = {isa = PBXBuildFile; fileRef = FE0C33C81B97F4E600DE2490 /* DetailViewController.swift */; };
		FE0C33CC1B97F4E600DE2490 /* Main.storyboard in Resources */ = {isa = PBXBuildFile; fileRef = FE0C33CA1B97F4E600DE2490 /* Main.storyboard */; };
		FE0C33CE1B97F4E600DE2490 /* Images.xcassets in Resources */ = {isa = PBXBuildFile; fileRef = FE0C33CD1B97F4E600DE2490 /* Images.xcassets */; };
		FE0C33D11B97F4E600DE2490 /* LaunchScreen.xib in Resources */ = {isa = PBXBuildFile; fileRef = FE0C33CF1B97F4E600DE2490 /* LaunchScreen.xib */; };
		FE0C33DD1B97F4E600DE2490 /* Project3Tests.swift in Sources */ = {isa = PBXBuildFile; fileRef = FE0C33DC1B97F4E600DE2490 /* Project3Tests.swift */; };
/* End PBXBuildFile section */

/* Begin PBXContainerItemProxy section */
		FE0C33D71B97F4E600DE2490 /* PBXContainerItemProxy */ = {
			isa = PBXContainerItemProxy;
			containerPortal = FE0C33B71B97F4E600DE2490 /* Project object */;
			proxyType = 1;
			remoteGlobalIDString = FE0C33BE1B97F4E600DE2490;
			remoteInfo = Project3;
		};
/* End PBXContainerItemProxy section */

/* Begin PBXFileReference section */
		FE0C33BF1B97F4E600DE2490 /* Project3.app */ = {isa = PBXFileReference; explicitFileType = wrapper.application; includeInIndex = 0; path = Project3.app; sourceTree = BUILT_PRODUCTS_DIR; };
		FE0C33C31B97F4E600DE2490 /* Info.plist */ = {isa = PBXFileReference; lastKnownFileType = text.plist.xml; path = Info.plist; sourceTree = "<group>"; };
		FE0C33C41B97F4E600DE2490 /* AppDelegate.swift */ = {isa = PBXFileReference; lastKnownFileType = sourcecode.swift; path = AppDelegate.swift; sourceTree = "<group>"; };
		FE0C33C61B97F4E600DE2490 /* MasterViewController.swift */ = {isa = PBXFileReference; lastKnownFileType = sourcecode.swift; path = MasterViewController.swift; sourceTree = "<group>"; };
		FE0C33C81B97F4E600DE2490 /* DetailViewController.swift */ = {isa = PBXFileReference; lastKnownFileType = sourcecode.swift; path = DetailViewController.swift; sourceTree = "<group>"; };
		FE0C33CB1B97F4E600DE2490 /* Base */ = {isa = PBXFileReference; lastKnownFileType = file.storyboard; name = Base; path = Base.lproj/Main.storyboard; sourceTree = "<group>"; };
		FE0C33CD1B97F4E600DE2490 /* Images.xcassets */ = {isa = PBXFileReference; lastKnownFileType = folder.assetcatalog; path = Images.xcassets; sourceTree = "<group>"; };
		FE0C33D01B97F4E600DE2490 /* Base */ = {isa = PBXFileReference; lastKnownFileType = file.xib; name = Base; path = Base.lproj/LaunchScreen.xib; sourceTree = "<group>"; };
		FE0C33D61B97F4E600DE2490 /* Project3Tests.xctest */ = {isa = PBXFileReference; explicitFileType = wrapper.cfbundle; includeInIndex = 0; path = Project3Tests.xctest; sourceTree = BUILT_PRODUCTS_DIR; };
		FE0C33DB1B97F4E600DE2490 /* Info.plist */ = {isa = PBXFileReference; lastKnownFileType = text.plist.xml; path = Info.plist; sourceTree = "<group>"; };
		FE0C33DC1B97F4E600DE2490 /* Project3Tests.swift */ = {isa = PBXFileReference; lastKnownFileType = sourcecode.swift; path = Project3Tests.swift; sourceTree = "<group>"; };
/* End PBXFileReference section */

/* Begin PBXFrameworksBuildPhase section */
		FE0C33BC1B97F4E600DE2490 /* Frameworks */ = {
			isa = PBXFrameworksBuildPhase;
			buildActionMask = 2147483647;
			files = (
			);
			runOnlyForDeploymentPostprocessing = 0;
		};
		FE0C33D31B97F4E600DE2490 /* Frameworks */ = {
			isa = PBXFrameworksBuildPhase;
			buildActionMask = 2147483647;
			files = (
			);
			runOnlyForDeploymentPostprocessing = 0;
		};
/* End PBXFrameworksBuildPhase section */

/* Begin PBXGroup section */
		FE0C33B61B97F4E600DE2490 = {
			isa = PBXGroup;
			children = (
				FE0C33C11B97F4E600DE2490 /* Project3 */,
				FE0C33D91B97F4E600DE2490 /* Project3Tests */,
				FE0C33C01B97F4E600DE2490 /* Products */,
			);
			sourceTree = "<group>";
		};
		FE0C33C01B97F4E600DE2490 /* Products */ = {
			isa = PBXGroup;
			children = (
				FE0C33BF1B97F4E600DE2490 /* Project3.app */,
				FE0C33D61B97F4E600DE2490 /* Project3Tests.xctest */,
			);
			name = Products;
			sourceTree = "<group>";
		};
		FE0C33C11B97F4E600DE2490 /* Project3 */ = {
			isa = PBXGroup;
			children = (
				FE0C33C41B97F4E600DE2490 /* AppDelegate.swift */,
				FE0C33C61B97F4E600DE2490 /* MasterViewController.swift */,
				FE0C33C81B97F4E600DE2490 /* DetailViewController.swift */,
				FE0C33CA1B97F4E600DE2490 /* Main.storyboard */,
				FE0C33CD1B97F4E600DE2490 /* Images.xcassets */,
				FE0C33CF1B97F4E600DE2490 /* LaunchScreen.xib */,
				FE0C33C21B97F4E600DE2490 /* Supporting Files */,
			);
			path = Project3;
			sourceTree = "<group>";
		};
		FE0C33C21B97F4E600DE2490 /* Supporting Files */ = {
			isa = PBXGroup;
			children = (
				FE0C33C31B97F4E600DE2490 /* Info.plist */,
			);
			name = "Supporting Files";
			sourceTree = "<group>";
		};
		FE0C33D91B97F4E600DE2490 /* Project3Tests */ = {
			isa = PBXGroup;
			children = (
				FE0C33DC1B97F4E600DE2490 /* Project3Tests.swift */,
				FE0C33DA1B97F4E600DE2490 /* Supporting Files */,
			);
			path = Project3Tests;
			sourceTree = "<group>";
		};
		FE0C33DA1B97F4E600DE2490 /* Supporting Files */ = {
			isa = PBXGroup;
			children = (
				FE0C33DB1B97F4E600DE2490 /* Info.plist */,
			);
			name = "Supporting Files";
			sourceTree = "<group>";
		};
/* End PBXGroup section */

/* Begin PBXNativeTarget section */
		FE0C33BE1B97F4E600DE2490 /* Project3 */ = {
			isa = PBXNativeTarget;
			buildConfigurationList = FE0C33E01B97F4E600DE2490 /* Build configuration list for PBXNativeTarget "Project3" */;
			buildPhases = (
				FE0C33BB1B97F4E600DE2490 /* Sources */,
				FE0C33BC1B97F4E600DE2490 /* Frameworks */,
				FE0C33BD1B97F4E600DE2490 /* Resources */,
			);
			buildRules = (
			);
			dependencies = (
			);
			name = Project3;
			productName = Project3;
			productReference = FE0C33BF1B97F4E600DE2490 /* Project3.app */;
			productType = "com.apple.product-type.application";
		};
		FE0C33D51B97F4E600DE2490 /* Project3Tests */ = {
			isa = PBXNativeTarget;
			buildConfigurationList = FE0C33E31B97F4E600DE2490 /* Build configuration list for PBXNativeTarget "Project3Tests" */;
			buildPhases = (
				FE0C33D21B97F4E600DE2490 /* Sources */,
				FE0C33D31B97F4E600DE2490 /* Frameworks */,
				FE0C33D41B97F4E600DE2490 /* Resources */,
			);
			buildRules = (
			);
			dependencies = (
				FE0C33D81B97F4E600DE2490 /* PBXTargetDependency */,
			);
			name = Project3Tests;
			productName = Project3Tests;
			productReference = FE0C33D61B97F4E600DE2490 /* Project3Tests.xctest */;
			productType = "com.apple.product-type.bundle.unit-test";
		};
/* End PBXNativeTarget section */

/* Begin PBXProject section */
		FE0C33B71B97F4E600DE2490 /* Project object */ = {
			isa = PBXProject;
			attributes = {
				LastUpgradeCheck = 0640;
				ORGANIZATIONNAME = "Elex Lee";
				TargetAttributes = {
					FE0C33BE1B97F4E600DE2490 = {
						CreatedOnToolsVersion = 6.4;
					};
					FE0C33D51B97F4E600DE2490 = {
						CreatedOnToolsVersion = 6.4;
						TestTargetID = FE0C33BE1B97F4E600DE2490;
					};
				};
			};
			buildConfigurationList = FE0C33BA1B97F4E600DE2490 /* Build configuration list for PBXProject "Project3" */;
			compatibilityVersion = "Xcode 3.2";
			developmentRegion = English;
			hasScannedForEncodings = 0;
			knownRegions = (
				en,
				Base,
			);
			mainGroup = FE0C33B61B97F4E600DE2490;
			productRefGroup = FE0C33C01B97F4E600DE2490 /* Products */;
			projectDirPath = "";
			projectRoot = "";
			targets = (
				FE0C33BE1B97F4E600DE2490 /* Project3 */,
				FE0C33D51B97F4E600DE2490 /* Project3Tests */,
			);
		};
/* End PBXProject section */

/* Begin PBXResourcesBuildPhase section */
		FE0C33BD1B97F4E600DE2490 /* Resources */ = {
			isa = PBXResourcesBuildPhase;
			buildActionMask = 2147483647;
			files = (
				FE0C33CC1B97F4E600DE2490 /* Main.storyboard in Resources */,
				FE0C33D11B97F4E600DE2490 /* LaunchScreen.xib in Resources */,
				FE0C33CE1B97F4E600DE2490 /* Images.xcassets in Resources */,
			);
			runOnlyForDeploymentPostprocessing = 0;
		};
		FE0C33D41B97F4E600DE2490 /* Resources */ = {
			isa = PBXResourcesBuildPhase;
			buildActionMask = 2147483647;
			files = (
			);
			runOnlyForDeploymentPostprocessing = 0;
		};
/* End PBXResourcesBuildPhase section */

/* Begin PBXSourcesBuildPhase section */
		FE0C33BB1B97F4E600DE2490 /* Sources */ = {
			isa = PBXSourcesBuildPhase;
			buildActionMask = 2147483647;
			files = (
				FE0C33C91B97F4E600DE2490 /* DetailViewController.swift in Sources */,
				FE0C33C71B97F4E600DE2490 /* MasterViewController.swift in Sources */,
				FE0C33C51B97F4E600DE2490 /* AppDelegate.swift in Sources */,
			);
			runOnlyForDeploymentPostprocessing = 0;
		};
		FE0C33D21B97F4E600DE2490 /* Sources */ = {
			isa = PBXSourcesBuildPhase;
			buildActionMask = 2147483647;
			files = (
				FE0C33DD1B97F4E600DE2490 /* Project3Tests.swift in Sources */,
			);
			runOnlyForDeploymentPostprocessing = 0;
		};
/* End PBXSourcesBuildPhase section */

/* Begin PBXTargetDependency section */
		FE0C33D81B97F4E600DE2490 /* PBXTargetDependency */ = {
			isa = PBXTargetDependency;
			target = FE0C33BE1B97F4E600DE2490 /* Project3 */;
			targetProxy = FE0C33D71B97F4E600DE2490 /* PBXContainerItemProxy */;
		};
/* End PBXTargetDependency section */

/* Begin PBXVariantGroup section */
		FE0C33CA1B97F4E600DE2490 /* Main.storyboard */ = {
			isa = PBXVariantGroup;
			children = (
				FE0C33CB1B97F4E600DE2490 /* Base */,
			);
			name = Main.storyboard;
			sourceTree = "<group>";
		};
		FE0C33CF1B97F4E600DE2490 /* LaunchScreen.xib */ = {
			isa = PBXVariantGroup;
			children = (
				FE0C33D01B97F4E600DE2490 /* Base */,
			);
			name = LaunchScreen.xib;
			sourceTree = "<group>";
		};
/* End PBXVariantGroup section */

/* Begin XCBuildConfiguration section */
		FE0C33DE1B97F4E600DE2490 /* Debug */ = {
			isa = XCBuildConfiguration;
			buildSettings = {
				ALWAYS_SEARCH_USER_PATHS = NO;
				CLANG_CXX_LANGUAGE_STANDARD = "gnu++0x";
				CLANG_CXX_LIBRARY = "libc++";
				CLANG_ENABLE_MODULES = YES;
				CLANG_ENABLE_OBJC_ARC = YES;
				CLANG_WARN_BOOL_CONVERSION = YES;
				CLANG_WARN_CONSTANT_CONVERSION = YES;
				CLANG_WARN_DIRECT_OBJC_ISA_USAGE = YES_ERROR;
				CLANG_WARN_EMPTY_BODY = YES;
				CLANG_WARN_ENUM_CONVERSION = YES;
				CLANG_WARN_INT_CONVERSION = YES;
				CLANG_WARN_OBJC_ROOT_CLASS = YES_ERROR;
				CLANG_WARN_UNREACHABLE_CODE = YES;
				CLANG_WARN__DUPLICATE_METHOD_MATCH = YES;
				"CODE_SIGN_IDENTITY[sdk=iphoneos*]" = "iPhone Developer";
				COPY_PHASE_STRIP = NO;
				DEBUG_INFORMATION_FORMAT = "dwarf-with-dsym";
				ENABLE_STRICT_OBJC_MSGSEND = YES;
				GCC_C_LANGUAGE_STANDARD = gnu99;
				GCC_DYNAMIC_NO_PIC = NO;
				GCC_NO_COMMON_BLOCKS = YES;
				GCC_OPTIMIZATION_LEVEL = 0;
				GCC_PREPROCESSOR_DEFINITIONS = (
					"DEBUG=1",
					"$(inherited)",
				);
				GCC_SYMBOLS_PRIVATE_EXTERN = NO;
				GCC_WARN_64_TO_32_BIT_CONVERSION = YES;
				GCC_WARN_ABOUT_RETURN_TYPE = YES_ERROR;
				GCC_WARN_UNDECLARED_SELECTOR = YES;
				GCC_WARN_UNINITIALIZED_AUTOS = YES_AGGRESSIVE;
				GCC_WARN_UNUSED_FUNCTION = YES;
				GCC_WARN_UNUSED_VARIABLE = YES;
				IPHONEOS_DEPLOYMENT_TARGET = 8.4;
				MTL_ENABLE_DEBUG_INFO = YES;
				ONLY_ACTIVE_ARCH = YES;
				SDKROOT = iphoneos;
				SWIFT_OPTIMIZATION_LEVEL = "-Onone";
				TARGETED_DEVICE_FAMILY = "1,2";
			};
			name = Debug;
		};
		FE0C33DF1B97F4E600DE2490 /* Release */ = {
			isa = XCBuildConfiguration;
			buildSettings = {
				ALWAYS_SEARCH_USER_PATHS = NO;
				CLANG_CXX_LANGUAGE_STANDARD = "gnu++0x";
				CLANG_CXX_LIBRARY = "libc++";
				CLANG_ENABLE_MODULES = YES;
				CLANG_ENABLE_OBJC_ARC = YES;
				CLANG_WARN_BOOL_CONVERSION = YES;
				CLANG_WARN_CONSTANT_CONVERSION = YES;
				CLANG_WARN_DIRECT_OBJC_ISA_USAGE = YES_ERROR;
				CLANG_WARN_EMPTY_BODY = YES;
				CLANG_WARN_ENUM_CONVERSION = YES;
				CLANG_WARN_INT_CONVERSION = YES;
				CLANG_WARN_OBJC_ROOT_CLASS = YES_ERROR;
				CLANG_WARN_UNREACHABLE_CODE = YES;
				CLANG_WARN__DUPLICATE_METHOD_MATCH = YES;
				"CODE_SIGN_IDENTITY[sdk=iphoneos*]" = "iPhone Developer";
				COPY_PHASE_STRIP = NO;
				DEBUG_INFORMATION_FORMAT = "dwarf-with-dsym";
				ENABLE_NS_ASSERTIONS = NO;
				ENABLE_STRICT_OBJC_MSGSEND = YES;
				GCC_C_LANGUAGE_STANDARD = gnu99;
				GCC_NO_COMMON_BLOCKS = YES;
				GCC_WARN_64_TO_32_BIT_CONVERSION = YES;
				GCC_WARN_ABOUT_RETURN_TYPE = YES_ERROR;
				GCC_WARN_UNDECLARED_SELECTOR = YES;
				GCC_WARN_UNINITIALIZED_AUTOS = YES_AGGRESSIVE;
				GCC_WARN_UNUSED_FUNCTION = YES;
				GCC_WARN_UNUSED_VARIABLE = YES;
				IPHONEOS_DEPLOYMENT_TARGET = 8.4;
				MTL_ENABLE_DEBUG_INFO = NO;
				SDKROOT = iphoneos;
				TARGETED_DEVICE_FAMILY = "1,2";
				VALIDATE_PRODUCT = YES;
			};
			name = Release;
		};
		FE0C33E11B97F4E600DE2490 /* Debug */ = {
			isa = XCBuildConfiguration;
			buildSettings = {
				ASSETCATALOG_COMPILER_APPICON_NAME = AppIcon;
				INFOPLIST_FILE = Project3/Info.plist;
				LD_RUNPATH_SEARCH_PATHS = "$(inherited) @executable_path/Frameworks";
				PRODUCT_NAME = "$(TARGET_NAME)";
			};
			name = Debug;
		};
		FE0C33E21B97F4E600DE2490 /* Release */ = {
			isa = XCBuildConfiguration;
			buildSettings = {
				ASSETCATALOG_COMPILER_APPICON_NAME = AppIcon;
				INFOPLIST_FILE = Project3/Info.plist;
				LD_RUNPATH_SEARCH_PATHS = "$(inherited) @executable_path/Frameworks";
				PRODUCT_NAME = "$(TARGET_NAME)";
			};
			name = Release;
		};
		FE0C33E41B97F4E600DE2490 /* Debug */ = {
			isa = XCBuildConfiguration;
			buildSettings = {
				BUNDLE_LOADER = "$(TEST_HOST)";
				FRAMEWORK_SEARCH_PATHS = (
					"$(SDKROOT)/Developer/Library/Frameworks",
					"$(inherited)",
				);
				GCC_PREPROCESSOR_DEFINITIONS = (
					"DEBUG=1",
					"$(inherited)",
				);
				INFOPLIST_FILE = Project3Tests/Info.plist;
				LD_RUNPATH_SEARCH_PATHS = "$(inherited) @executable_path/Frameworks @loader_path/Frameworks";
				PRODUCT_NAME = "$(TARGET_NAME)";
				TEST_HOST = "$(BUILT_PRODUCTS_DIR)/Project3.app/Project3";
			};
			name = Debug;
		};
		FE0C33E51B97F4E600DE2490 /* Release */ = {
			isa = XCBuildConfiguration;
			buildSettings = {
				BUNDLE_LOADER = "$(TEST_HOST)";
				FRAMEWORK_SEARCH_PATHS = (
					"$(SDKROOT)/Developer/Library/Frameworks",
					"$(inherited)",
				);
				INFOPLIST_FILE = Project3Tests/Info.plist;
				LD_RUNPATH_SEARCH_PATHS = "$(inherited) @executable_path/Frameworks @loader_path/Frameworks";
				PRODUCT_NAME = "$(TARGET_NAME)";
				TEST_HOST = "$(BUILT_PRODUCTS_DIR)/Project3.app/Project3";
			};
			name = Release;
		};
/* End XCBuildConfiguration section */

/* Begin XCConfigurationList section */
		FE0C33BA1B97F4E600DE2490 /* Build configuration list for PBXProject "Project3" */ = {
			isa = XCConfigurationList;
			buildConfigurations = (
				FE0C33DE1B97F4E600DE2490 /* Debug */,
				FE0C33DF1B97F4E600DE2490 /* Release */,
			);
			defaultConfigurationIsVisible = 0;
			defaultConfigurationName = Release;
		};
		FE0C33E01B97F4E600DE2490 /* Build configuration list for PBXNativeTarget "Project3" */ = {
			isa = XCConfigurationList;
			buildConfigurations = (
				FE0C33E11B97F4E600DE2490 /* Debug */,
				FE0C33E21B97F4E600DE2490 /* Release */,
			);
			defaultConfigurationIsVisible = 0;
		};
		FE0C33E31B97F4E600DE2490 /* Build configuration list for PBXNativeTarget "Project3Tests" */ = {
			isa = XCConfigurationList;
			buildConfigurations = (
				FE0C33E41B97F4E600DE2490 /* Debug */,
				FE0C33E51B97F4E600DE2490 /* Release */,
			);
			defaultConfigurationIsVisible = 0;
		};
/* End XCConfigurationList section */
	};
	rootObject = FE0C33B71B97F4E600DE2490 /* Project object */;
}
