// !$*UTF8*$!
{
	archiveVersion = 1;
	classes = {
	};
	objectVersion = 46;
	objects = {

/* Begin PBXBuildFile section */
		FE6123981B99261D00E4393D /* AppDelegate.swift in Sources */ = {isa = PBXBuildFile; fileRef = FE6123971B99261D00E4393D /* AppDelegate.swift */; };
		FE61239A1B99261D00E4393D /* ViewController.swift in Sources */ = {isa = PBXBuildFile; fileRef = FE6123991B99261D00E4393D /* ViewController.swift */; };
		FE61239D1B99261D00E4393D /* Main.storyboard in Resources */ = {isa = PBXBuildFile; fileRef = FE61239B1B99261D00E4393D /* Main.storyboard */; };
		FE61239F1B99261D00E4393D /* Images.xcassets in Resources */ = {isa = PBXBuildFile; fileRef = FE61239E1B99261D00E4393D /* Images.xcassets */; };
		FE6123A21B99261D00E4393D /* LaunchScreen.xib in Resources */ = {isa = PBXBuildFile; fileRef = FE6123A01B99261D00E4393D /* LaunchScreen.xib */; };
		FE6123AE1B99261D00E4393D /* Project6Tests.swift in Sources */ = {isa = PBXBuildFile; fileRef = FE6123AD1B99261D00E4393D /* Project6Tests.swift */; };
		FE6123B81B9927F200E4393D /* Array+Shuffling.swift in Sources */ = {isa = PBXBuildFile; fileRef = FE6123B71B9927F200E4393D /* Array+Shuffling.swift */; };
/* End PBXBuildFile section */

/* Begin PBXContainerItemProxy section */
		FE6123A81B99261D00E4393D /* PBXContainerItemProxy */ = {
			isa = PBXContainerItemProxy;
			containerPortal = FE61238A1B99261D00E4393D /* Project object */;
			proxyType = 1;
			remoteGlobalIDString = FE6123911B99261D00E4393D;
			remoteInfo = Project6;
		};
/* End PBXContainerItemProxy section */

/* Begin PBXFileReference section */
		FE6123921B99261D00E4393D /* Project6.app */ = {isa = PBXFileReference; explicitFileType = wrapper.application; includeInIndex = 0; path = Project6.app; sourceTree = BUILT_PRODUCTS_DIR; };
		FE6123961B99261D00E4393D /* Info.plist */ = {isa = PBXFileReference; lastKnownFileType = text.plist.xml; path = Info.plist; sourceTree = "<group>"; };
		FE6123971B99261D00E4393D /* AppDelegate.swift */ = {isa = PBXFileReference; lastKnownFileType = sourcecode.swift; path = AppDelegate.swift; sourceTree = "<group>"; };
		FE6123991B99261D00E4393D /* ViewController.swift */ = {isa = PBXFileReference; lastKnownFileType = sourcecode.swift; path = ViewController.swift; sourceTree = "<group>"; };
		FE61239C1B99261D00E4393D /* Base */ = {isa = PBXFileReference; lastKnownFileType = file.storyboard; name = Base; path = Base.lproj/Main.storyboard; sourceTree = "<group>"; };
		FE61239E1B99261D00E4393D /* Images.xcassets */ = {isa = PBXFileReference; lastKnownFileType = folder.assetcatalog; path = Images.xcassets; sourceTree = "<group>"; };
		FE6123A11B99261D00E4393D /* Base */ = {isa = PBXFileReference; lastKnownFileType = file.xib; name = Base; path = Base.lproj/LaunchScreen.xib; sourceTree = "<group>"; };
		FE6123A71B99261D00E4393D /* Project6Tests.xctest */ = {isa = PBXFileReference; explicitFileType = wrapper.cfbundle; includeInIndex = 0; path = Project6Tests.xctest; sourceTree = BUILT_PRODUCTS_DIR; };
		FE6123AC1B99261D00E4393D /* Info.plist */ = {isa = PBXFileReference; lastKnownFileType = text.plist.xml; path = Info.plist; sourceTree = "<group>"; };
		FE6123AD1B99261D00E4393D /* Project6Tests.swift */ = {isa = PBXFileReference; lastKnownFileType = sourcecode.swift; path = Project6Tests.swift; sourceTree = "<group>"; };
		FE6123B71B9927F200E4393D /* Array+Shuffling.swift */ = {isa = PBXFileReference; fileEncoding = 4; lastKnownFileType = sourcecode.swift; path = "Array+Shuffling.swift"; sourceTree = "<group>"; };
/* End PBXFileReference section */

/* Begin PBXFrameworksBuildPhase section */
		FE61238F1B99261D00E4393D /* Frameworks */ = {
			isa = PBXFrameworksBuildPhase;
			buildActionMask = 2147483647;
			files = (
			);
			runOnlyForDeploymentPostprocessing = 0;
		};
		FE6123A41B99261D00E4393D /* Frameworks */ = {
			isa = PBXFrameworksBuildPhase;
			buildActionMask = 2147483647;
			files = (
			);
			runOnlyForDeploymentPostprocessing = 0;
		};
/* End PBXFrameworksBuildPhase section */

/* Begin PBXGroup section */
		FE6123891B99261D00E4393D = {
			isa = PBXGroup;
			children = (
				FE6123941B99261D00E4393D /* Project6 */,
				FE6123AA1B99261D00E4393D /* Project6Tests */,
				FE6123931B99261D00E4393D /* Products */,
			);
			sourceTree = "<group>";
		};
		FE6123931B99261D00E4393D /* Products */ = {
			isa = PBXGroup;
			children = (
				FE6123921B99261D00E4393D /* Project6.app */,
				FE6123A71B99261D00E4393D /* Project6Tests.xctest */,
			);
			name = Products;
			sourceTree = "<group>";
		};
		FE6123941B99261D00E4393D /* Project6 */ = {
			isa = PBXGroup;
			children = (
				FE6123971B99261D00E4393D /* AppDelegate.swift */,
				FE6123991B99261D00E4393D /* ViewController.swift */,
				FE61239B1B99261D00E4393D /* Main.storyboard */,
				FE6123B71B9927F200E4393D /* Array+Shuffling.swift */,
				FE61239E1B99261D00E4393D /* Images.xcassets */,
				FE6123A01B99261D00E4393D /* LaunchScreen.xib */,
				FE6123951B99261D00E4393D /* Supporting Files */,
			);
			path = Project6;
			sourceTree = "<group>";
		};
		FE6123951B99261D00E4393D /* Supporting Files */ = {
			isa = PBXGroup;
			children = (
				FE6123961B99261D00E4393D /* Info.plist */,
			);
			name = "Supporting Files";
			sourceTree = "<group>";
		};
		FE6123AA1B99261D00E4393D /* Project6Tests */ = {
			isa = PBXGroup;
			children = (
				FE6123AD1B99261D00E4393D /* Project6Tests.swift */,
				FE6123AB1B99261D00E4393D /* Supporting Files */,
			);
			path = Project6Tests;
			sourceTree = "<group>";
		};
		FE6123AB1B99261D00E4393D /* Supporting Files */ = {
			isa = PBXGroup;
			children = (
				FE6123AC1B99261D00E4393D /* Info.plist */,
			);
			name = "Supporting Files";
			sourceTree = "<group>";
		};
/* End PBXGroup section */

/* Begin PBXNativeTarget section */
		FE6123911B99261D00E4393D /* Project6 */ = {
			isa = PBXNativeTarget;
			buildConfigurationList = FE6123B11B99261D00E4393D /* Build configuration list for PBXNativeTarget "Project6" */;
			buildPhases = (
				FE61238E1B99261D00E4393D /* Sources */,
				FE61238F1B99261D00E4393D /* Frameworks */,
				FE6123901B99261D00E4393D /* Resources */,
			);
			buildRules = (
			);
			dependencies = (
			);
			name = Project6;
			productName = Project6;
			productReference = FE6123921B99261D00E4393D /* Project6.app */;
			productType = "com.apple.product-type.application";
		};
		FE6123A61B99261D00E4393D /* Project6Tests */ = {
			isa = PBXNativeTarget;
			buildConfigurationList = FE6123B41B99261D00E4393D /* Build configuration list for PBXNativeTarget "Project6Tests" */;
			buildPhases = (
				FE6123A31B99261D00E4393D /* Sources */,
				FE6123A41B99261D00E4393D /* Frameworks */,
				FE6123A51B99261D00E4393D /* Resources */,
			);
			buildRules = (
			);
			dependencies = (
				FE6123A91B99261D00E4393D /* PBXTargetDependency */,
			);
			name = Project6Tests;
			productName = Project6Tests;
			productReference = FE6123A71B99261D00E4393D /* Project6Tests.xctest */;
			productType = "com.apple.product-type.bundle.unit-test";
		};
/* End PBXNativeTarget section */

/* Begin PBXProject section */
		FE61238A1B99261D00E4393D /* Project object */ = {
			isa = PBXProject;
			attributes = {
				LastUpgradeCheck = 0640;
				ORGANIZATIONNAME = "Elex Lee";
				TargetAttributes = {
					FE6123911B99261D00E4393D = {
						CreatedOnToolsVersion = 6.4;
					};
					FE6123A61B99261D00E4393D = {
						CreatedOnToolsVersion = 6.4;
						TestTargetID = FE6123911B99261D00E4393D;
					};
				};
			};
			buildConfigurationList = FE61238D1B99261D00E4393D /* Build configuration list for PBXProject "Project6" */;
			compatibilityVersion = "Xcode 3.2";
			developmentRegion = English;
			hasScannedForEncodings = 0;
			knownRegions = (
				en,
				Base,
			);
			mainGroup = FE6123891B99261D00E4393D;
			productRefGroup = FE6123931B99261D00E4393D /* Products */;
			projectDirPath = "";
			projectRoot = "";
			targets = (
				FE6123911B99261D00E4393D /* Project6 */,
				FE6123A61B99261D00E4393D /* Project6Tests */,
			);
		};
/* End PBXProject section */

/* Begin PBXResourcesBuildPhase section */
		FE6123901B99261D00E4393D /* Resources */ = {
			isa = PBXResourcesBuildPhase;
			buildActionMask = 2147483647;
			files = (
				FE61239D1B99261D00E4393D /* Main.storyboard in Resources */,
				FE6123A21B99261D00E4393D /* LaunchScreen.xib in Resources */,
				FE61239F1B99261D00E4393D /* Images.xcassets in Resources */,
			);
			runOnlyForDeploymentPostprocessing = 0;
		};
		FE6123A51B99261D00E4393D /* Resources */ = {
			isa = PBXResourcesBuildPhase;
			buildActionMask = 2147483647;
			files = (
			);
			runOnlyForDeploymentPostprocessing = 0;
		};
/* End PBXResourcesBuildPhase section */

/* Begin PBXSourcesBuildPhase section */
		FE61238E1B99261D00E4393D /* Sources */ = {
			isa = PBXSourcesBuildPhase;
			buildActionMask = 2147483647;
			files = (
				FE61239A1B99261D00E4393D /* ViewController.swift in Sources */,
				FE6123981B99261D00E4393D /* AppDelegate.swift in Sources */,
				FE6123B81B9927F200E4393D /* Array+Shuffling.swift in Sources */,
			);
			runOnlyForDeploymentPostprocessing = 0;
		};
		FE6123A31B99261D00E4393D /* Sources */ = {
			isa = PBXSourcesBuildPhase;
			buildActionMask = 2147483647;
			files = (
				FE6123AE1B99261D00E4393D /* Project6Tests.swift in Sources */,
			);
			runOnlyForDeploymentPostprocessing = 0;
		};
/* End PBXSourcesBuildPhase section */

/* Begin PBXTargetDependency section */
		FE6123A91B99261D00E4393D /* PBXTargetDependency */ = {
			isa = PBXTargetDependency;
			target = FE6123911B99261D00E4393D /* Project6 */;
			targetProxy = FE6123A81B99261D00E4393D /* PBXContainerItemProxy */;
		};
/* End PBXTargetDependency section */

/* Begin PBXVariantGroup section */
		FE61239B1B99261D00E4393D /* Main.storyboard */ = {
			isa = PBXVariantGroup;
			children = (
				FE61239C1B99261D00E4393D /* Base */,
			);
			name = Main.storyboard;
			sourceTree = "<group>";
		};
		FE6123A01B99261D00E4393D /* LaunchScreen.xib */ = {
			isa = PBXVariantGroup;
			children = (
				FE6123A11B99261D00E4393D /* Base */,
			);
			name = LaunchScreen.xib;
			sourceTree = "<group>";
		};
/* End PBXVariantGroup section */

/* Begin XCBuildConfiguration section */
		FE6123AF1B99261D00E4393D /* Debug */ = {
			isa = XCBuildConfiguration;
			buildSettings = {
				ALWAYS_SEARCH_USER_PATHS = NO;
				CLANG_CXX_LANGUAGE_STANDARD = "gnu++0x";
				CLANG_CXX_LIBRARY = "libc++";
				CLANG_ENABLE_MODULES = YES;
				CLANG_ENABLE_OBJC_ARC = YES;
				CLANG_WARN_BOOL_CONVERSION = YES;
				CLANG_WARN_CONSTANT_CONVERSION = YES;
				CLANG_WARN_DIRECT_OBJC_ISA_USAGE = YES_ERROR;
				CLANG_WARN_EMPTY_BODY = YES;
				CLANG_WARN_ENUM_CONVERSION = YES;
				CLANG_WARN_INT_CONVERSION = YES;
				CLANG_WARN_OBJC_ROOT_CLASS = YES_ERROR;
				CLANG_WARN_UNREACHABLE_CODE = YES;
				CLANG_WARN__DUPLICATE_METHOD_MATCH = YES;
				"CODE_SIGN_IDENTITY[sdk=iphoneos*]" = "iPhone Developer";
				COPY_PHASE_STRIP = NO;
				DEBUG_INFORMATION_FORMAT = "dwarf-with-dsym";
				ENABLE_STRICT_OBJC_MSGSEND = YES;
				GCC_C_LANGUAGE_STANDARD = gnu99;
				GCC_DYNAMIC_NO_PIC = NO;
				GCC_NO_COMMON_BLOCKS = YES;
				GCC_OPTIMIZATION_LEVEL = 0;
				GCC_PREPROCESSOR_DEFINITIONS = (
					"DEBUG=1",
					"$(inherited)",
				);
				GCC_SYMBOLS_PRIVATE_EXTERN = NO;
				GCC_WARN_64_TO_32_BIT_CONVERSION = YES;
				GCC_WARN_ABOUT_RETURN_TYPE = YES_ERROR;
				GCC_WARN_UNDECLARED_SELECTOR = YES;
				GCC_WARN_UNINITIALIZED_AUTOS = YES_AGGRESSIVE;
				GCC_WARN_UNUSED_FUNCTION = YES;
				GCC_WARN_UNUSED_VARIABLE = YES;
				IPHONEOS_DEPLOYMENT_TARGET = 8.4;
				MTL_ENABLE_DEBUG_INFO = YES;
				ONLY_ACTIVE_ARCH = YES;
				SDKROOT = iphoneos;
				SWIFT_OPTIMIZATION_LEVEL = "-Onone";
			};
			name = Debug;
		};
		FE6123B01B99261D00E4393D /* Release */ = {
			isa = XCBuildConfiguration;
			buildSettings = {
				ALWAYS_SEARCH_USER_PATHS = NO;
				CLANG_CXX_LANGUAGE_STANDARD = "gnu++0x";
				CLANG_CXX_LIBRARY = "libc++";
				CLANG_ENABLE_MODULES = YES;
				CLANG_ENABLE_OBJC_ARC = YES;
				CLANG_WARN_BOOL_CONVERSION = YES;
				CLANG_WARN_CONSTANT_CONVERSION = YES;
				CLANG_WARN_DIRECT_OBJC_ISA_USAGE = YES_ERROR;
				CLANG_WARN_EMPTY_BODY = YES;
				CLANG_WARN_ENUM_CONVERSION = YES;
				CLANG_WARN_INT_CONVERSION = YES;
				CLANG_WARN_OBJC_ROOT_CLASS = YES_ERROR;
				CLANG_WARN_UNREACHABLE_CODE = YES;
				CLANG_WARN__DUPLICATE_METHOD_MATCH = YES;
				"CODE_SIGN_IDENTITY[sdk=iphoneos*]" = "iPhone Developer";
				COPY_PHASE_STRIP = NO;
				DEBUG_INFORMATION_FORMAT = "dwarf-with-dsym";
				ENABLE_NS_ASSERTIONS = NO;
				ENABLE_STRICT_OBJC_MSGSEND = YES;
				GCC_C_LANGUAGE_STANDARD = gnu99;
				GCC_NO_COMMON_BLOCKS = YES;
				GCC_WARN_64_TO_32_BIT_CONVERSION = YES;
				GCC_WARN_ABOUT_RETURN_TYPE = YES_ERROR;
				GCC_WARN_UNDECLARED_SELECTOR = YES;
				GCC_WARN_UNINITIALIZED_AUTOS = YES_AGGRESSIVE;
				GCC_WARN_UNUSED_FUNCTION = YES;
				GCC_WARN_UNUSED_VARIABLE = YES;
				IPHONEOS_DEPLOYMENT_TARGET = 8.4;
				MTL_ENABLE_DEBUG_INFO = NO;
				SDKROOT = iphoneos;
				VALIDATE_PRODUCT = YES;
			};
			name = Release;
		};
		FE6123B21B99261D00E4393D /* Debug */ = {
			isa = XCBuildConfiguration;
			buildSettings = {
				ASSETCATALOG_COMPILER_APPICON_NAME = AppIcon;
				INFOPLIST_FILE = Project6/Info.plist;
				LD_RUNPATH_SEARCH_PATHS = "$(inherited) @executable_path/Frameworks";
				PRODUCT_NAME = "$(TARGET_NAME)";
				TARGETED_DEVICE_FAMILY = "1,2";
			};
			name = Debug;
		};
		FE6123B31B99261D00E4393D /* Release */ = {
			isa = XCBuildConfiguration;
			buildSettings = {
				ASSETCATALOG_COMPILER_APPICON_NAME = AppIcon;
				INFOPLIST_FILE = Project6/Info.plist;
				LD_RUNPATH_SEARCH_PATHS = "$(inherited) @executable_path/Frameworks";
				PRODUCT_NAME = "$(TARGET_NAME)";
				TARGETED_DEVICE_FAMILY = "1,2";
			};
			name = Release;
		};
		FE6123B51B99261D00E4393D /* Debug */ = {
			isa = XCBuildConfiguration;
			buildSettings = {
				BUNDLE_LOADER = "$(TEST_HOST)";
				FRAMEWORK_SEARCH_PATHS = (
					"$(SDKROOT)/Developer/Library/Frameworks",
					"$(inherited)",
				);
				GCC_PREPROCESSOR_DEFINITIONS = (
					"DEBUG=1",
					"$(inherited)",
				);
				INFOPLIST_FILE = Project6Tests/Info.plist;
				LD_RUNPATH_SEARCH_PATHS = "$(inherited) @executable_path/Frameworks @loader_path/Frameworks";
				PRODUCT_NAME = "$(TARGET_NAME)";
				TEST_HOST = "$(BUILT_PRODUCTS_DIR)/Project6.app/Project6";
			};
			name = Debug;
		};
		FE6123B61B99261D00E4393D /* Release */ = {
			isa = XCBuildConfiguration;
			buildSettings = {
				BUNDLE_LOADER = "$(TEST_HOST)";
				FRAMEWORK_SEARCH_PATHS = (
					"$(SDKROOT)/Developer/Library/Frameworks",
					"$(inherited)",
				);
				INFOPLIST_FILE = Project6Tests/Info.plist;
				LD_RUNPATH_SEARCH_PATHS = "$(inherited) @executable_path/Frameworks @loader_path/Frameworks";
				PRODUCT_NAME = "$(TARGET_NAME)";
				TEST_HOST = "$(BUILT_PRODUCTS_DIR)/Project6.app/Project6";
			};
			name = Release;
		};
/* End XCBuildConfiguration section */

/* Begin XCConfigurationList section */
		FE61238D1B99261D00E4393D /* Build configuration list for PBXProject "Project6" */ = {
			isa = XCConfigurationList;
			buildConfigurations = (
				FE6123AF1B99261D00E4393D /* Debug */,
				FE6123B01B99261D00E4393D /* Release */,
			);
			defaultConfigurationIsVisible = 0;
			defaultConfigurationName = Release;
		};
		FE6123B11B99261D00E4393D /* Build configuration list for PBXNativeTarget "Project6" */ = {
			isa = XCConfigurationList;
			buildConfigurations = (
				FE6123B21B99261D00E4393D /* Debug */,
				FE6123B31B99261D00E4393D /* Release */,
			);
			defaultConfigurationIsVisible = 0;
			defaultConfigurationName = Release;
		};
		FE6123B41B99261D00E4393D /* Build configuration list for PBXNativeTarget "Project6Tests" */ = {
			isa = XCConfigurationList;
			buildConfigurations = (
				FE6123B51B99261D00E4393D /* Debug */,
				FE6123B61B99261D00E4393D /* Release */,
			);
			defaultConfigurationIsVisible = 0;
			defaultConfigurationName = Release;
		};
/* End XCConfigurationList section */
	};
	rootObject = FE61238A1B99261D00E4393D /* Project object */;
}
