// !$*UTF8*$!
{
	archiveVersion = 1;
	classes = {
	};
	objectVersion = 46;
	objects = {

/* Begin PBXBuildFile section */
		FE0C33F51B97F8BD00DE2490 /* AppDelegate.swift in Sources */ = {isa = PBXBuildFile; fileRef = FE0C33F41B97F8BD00DE2490 /* AppDelegate.swift */; };
		FE0C33F71B97F8BD00DE2490 /* ViewController.swift in Sources */ = {isa = PBXBuildFile; fileRef = FE0C33F61B97F8BD00DE2490 /* ViewController.swift */; };
		FE0C33FA1B97F8BD00DE2490 /* Main.storyboard in Resources */ = {isa = PBXBuildFile; fileRef = FE0C33F81B97F8BD00DE2490 /* Main.storyboard */; };
		FE0C33FC1B97F8BD00DE2490 /* Images.xcassets in Resources */ = {isa = PBXBuildFile; fileRef = FE0C33FB1B97F8BD00DE2490 /* Images.xcassets */; };
		FE0C33FF1B97F8BD00DE2490 /* LaunchScreen.xib in Resources */ = {isa = PBXBuildFile; fileRef = FE0C33FD1B97F8BD00DE2490 /* LaunchScreen.xib */; };
		FE0C340B1B97F8BD00DE2490 /* Project4Tests.swift in Sources */ = {isa = PBXBuildFile; fileRef = FE0C340A1B97F8BD00DE2490 /* Project4Tests.swift */; };
/* End PBXBuildFile section */

/* Begin PBXContainerItemProxy section */
		FE0C34051B97F8BD00DE2490 /* PBXContainerItemProxy */ = {
			isa = PBXContainerItemProxy;
			containerPortal = FE0C33E71B97F8BD00DE2490 /* Project object */;
			proxyType = 1;
			remoteGlobalIDString = FE0C33EE1B97F8BD00DE2490;
			remoteInfo = Project4;
		};
/* End PBXContainerItemProxy section */

/* Begin PBXFileReference section */
		FE0C33EF1B97F8BD00DE2490 /* Project4.app */ = {isa = PBXFileReference; explicitFileType = wrapper.application; includeInIndex = 0; path = Project4.app; sourceTree = BUILT_PRODUCTS_DIR; };
		FE0C33F31B97F8BD00DE2490 /* Info.plist */ = {isa = PBXFileReference; lastKnownFileType = text.plist.xml; path = Info.plist; sourceTree = "<group>"; };
		FE0C33F41B97F8BD00DE2490 /* AppDelegate.swift */ = {isa = PBXFileReference; lastKnownFileType = sourcecode.swift; path = AppDelegate.swift; sourceTree = "<group>"; };
		FE0C33F61B97F8BD00DE2490 /* ViewController.swift */ = {isa = PBXFileReference; lastKnownFileType = sourcecode.swift; path = ViewController.swift; sourceTree = "<group>"; };
		FE0C33F91B97F8BD00DE2490 /* Base */ = {isa = PBXFileReference; lastKnownFileType = file.storyboard; name = Base; path = Base.lproj/Main.storyboard; sourceTree = "<group>"; };
		FE0C33FB1B97F8BD00DE2490 /* Images.xcassets */ = {isa = PBXFileReference; lastKnownFileType = folder.assetcatalog; path = Images.xcassets; sourceTree = "<group>"; };
		FE0C33FE1B97F8BD00DE2490 /* Base */ = {isa = PBXFileReference; lastKnownFileType = file.xib; name = Base; path = Base.lproj/LaunchScreen.xib; sourceTree = "<group>"; };
		FE0C34041B97F8BD00DE2490 /* Project4Tests.xctest */ = {isa = PBXFileReference; explicitFileType = wrapper.cfbundle; includeInIndex = 0; path = Project4Tests.xctest; sourceTree = BUILT_PRODUCTS_DIR; };
		FE0C34091B97F8BD00DE2490 /* Info.plist */ = {isa = PBXFileReference; lastKnownFileType = text.plist.xml; path = Info.plist; sourceTree = "<group>"; };
		FE0C340A1B97F8BD00DE2490 /* Project4Tests.swift */ = {isa = PBXFileReference; lastKnownFileType = sourcecode.swift; path = Project4Tests.swift; sourceTree = "<group>"; };
/* End PBXFileReference section */

/* Begin PBXFrameworksBuildPhase section */
		FE0C33EC1B97F8BD00DE2490 /* Frameworks */ = {
			isa = PBXFrameworksBuildPhase;
			buildActionMask = 2147483647;
			files = (
			);
			runOnlyForDeploymentPostprocessing = 0;
		};
		FE0C34011B97F8BD00DE2490 /* Frameworks */ = {
			isa = PBXFrameworksBuildPhase;
			buildActionMask = 2147483647;
			files = (
			);
			runOnlyForDeploymentPostprocessing = 0;
		};
/* End PBXFrameworksBuildPhase section */

/* Begin PBXGroup section */
		FE0C33E61B97F8BD00DE2490 = {
			isa = PBXGroup;
			children = (
				FE0C33F11B97F8BD00DE2490 /* Project4 */,
				FE0C34071B97F8BD00DE2490 /* Project4Tests */,
				FE0C33F01B97F8BD00DE2490 /* Products */,
			);
			sourceTree = "<group>";
		};
		FE0C33F01B97F8BD00DE2490 /* Products */ = {
			isa = PBXGroup;
			children = (
				FE0C33EF1B97F8BD00DE2490 /* Project4.app */,
				FE0C34041B97F8BD00DE2490 /* Project4Tests.xctest */,
			);
			name = Products;
			sourceTree = "<group>";
		};
		FE0C33F11B97F8BD00DE2490 /* Project4 */ = {
			isa = PBXGroup;
			children = (
				FE0C33F41B97F8BD00DE2490 /* AppDelegate.swift */,
				FE0C33F61B97F8BD00DE2490 /* ViewController.swift */,
				FE0C33F81B97F8BD00DE2490 /* Main.storyboard */,
				FE0C33FB1B97F8BD00DE2490 /* Images.xcassets */,
				FE0C33FD1B97F8BD00DE2490 /* LaunchScreen.xib */,
				FE0C33F21B97F8BD00DE2490 /* Supporting Files */,
			);
			path = Project4;
			sourceTree = "<group>";
		};
		FE0C33F21B97F8BD00DE2490 /* Supporting Files */ = {
			isa = PBXGroup;
			children = (
				FE0C33F31B97F8BD00DE2490 /* Info.plist */,
			);
			name = "Supporting Files";
			sourceTree = "<group>";
		};
		FE0C34071B97F8BD00DE2490 /* Project4Tests */ = {
			isa = PBXGroup;
			children = (
				FE0C340A1B97F8BD00DE2490 /* Project4Tests.swift */,
				FE0C34081B97F8BD00DE2490 /* Supporting Files */,
			);
			path = Project4Tests;
			sourceTree = "<group>";
		};
		FE0C34081B97F8BD00DE2490 /* Supporting Files */ = {
			isa = PBXGroup;
			children = (
				FE0C34091B97F8BD00DE2490 /* Info.plist */,
			);
			name = "Supporting Files";
			sourceTree = "<group>";
		};
/* End PBXGroup section */

/* Begin PBXNativeTarget section */
		FE0C33EE1B97F8BD00DE2490 /* Project4 */ = {
			isa = PBXNativeTarget;
			buildConfigurationList = FE0C340E1B97F8BD00DE2490 /* Build configuration list for PBXNativeTarget "Project4" */;
			buildPhases = (
				FE0C33EB1B97F8BD00DE2490 /* Sources */,
				FE0C33EC1B97F8BD00DE2490 /* Frameworks */,
				FE0C33ED1B97F8BD00DE2490 /* Resources */,
			);
			buildRules = (
			);
			dependencies = (
			);
			name = Project4;
			productName = Project4;
			productReference = FE0C33EF1B97F8BD00DE2490 /* Project4.app */;
			productType = "com.apple.product-type.application";
		};
		FE0C34031B97F8BD00DE2490 /* Project4Tests */ = {
			isa = PBXNativeTarget;
			buildConfigurationList = FE0C34111B97F8BD00DE2490 /* Build configuration list for PBXNativeTarget "Project4Tests" */;
			buildPhases = (
				FE0C34001B97F8BD00DE2490 /* Sources */,
				FE0C34011B97F8BD00DE2490 /* Frameworks */,
				FE0C34021B97F8BD00DE2490 /* Resources */,
			);
			buildRules = (
			);
			dependencies = (
				FE0C34061B97F8BD00DE2490 /* PBXTargetDependency */,
			);
			name = Project4Tests;
			productName = Project4Tests;
			productReference = FE0C34041B97F8BD00DE2490 /* Project4Tests.xctest */;
			productType = "com.apple.product-type.bundle.unit-test";
		};
/* End PBXNativeTarget section */

/* Begin PBXProject section */
		FE0C33E71B97F8BD00DE2490 /* Project object */ = {
			isa = PBXProject;
			attributes = {
				LastUpgradeCheck = 0640;
				ORGANIZATIONNAME = "Elex Lee";
				TargetAttributes = {
					FE0C33EE1B97F8BD00DE2490 = {
						CreatedOnToolsVersion = 6.4;
					};
					FE0C34031B97F8BD00DE2490 = {
						CreatedOnToolsVersion = 6.4;
						TestTargetID = FE0C33EE1B97F8BD00DE2490;
					};
				};
			};
			buildConfigurationList = FE0C33EA1B97F8BD00DE2490 /* Build configuration list for PBXProject "Project4" */;
			compatibilityVersion = "Xcode 3.2";
			developmentRegion = English;
			hasScannedForEncodings = 0;
			knownRegions = (
				en,
				Base,
			);
			mainGroup = FE0C33E61B97F8BD00DE2490;
			productRefGroup = FE0C33F01B97F8BD00DE2490 /* Products */;
			projectDirPath = "";
			projectRoot = "";
			targets = (
				FE0C33EE1B97F8BD00DE2490 /* Project4 */,
				FE0C34031B97F8BD00DE2490 /* Project4Tests */,
			);
		};
/* End PBXProject section */

/* Begin PBXResourcesBuildPhase section */
		FE0C33ED1B97F8BD00DE2490 /* Resources */ = {
			isa = PBXResourcesBuildPhase;
			buildActionMask = 2147483647;
			files = (
				FE0C33FA1B97F8BD00DE2490 /* Main.storyboard in Resources */,
				FE0C33FF1B97F8BD00DE2490 /* LaunchScreen.xib in Resources */,
				FE0C33FC1B97F8BD00DE2490 /* Images.xcassets in Resources */,
			);
			runOnlyForDeploymentPostprocessing = 0;
		};
		FE0C34021B97F8BD00DE2490 /* Resources */ = {
			isa = PBXResourcesBuildPhase;
			buildActionMask = 2147483647;
			files = (
			);
			runOnlyForDeploymentPostprocessing = 0;
		};
/* End PBXResourcesBuildPhase section */

/* Begin PBXSourcesBuildPhase section */
		FE0C33EB1B97F8BD00DE2490 /* Sources */ = {
			isa = PBXSourcesBuildPhase;
			buildActionMask = 2147483647;
			files = (
				FE0C33F71B97F8BD00DE2490 /* ViewController.swift in Sources */,
				FE0C33F51B97F8BD00DE2490 /* AppDelegate.swift in Sources */,
			);
			runOnlyForDeploymentPostprocessing = 0;
		};
		FE0C34001B97F8BD00DE2490 /* Sources */ = {
			isa = PBXSourcesBuildPhase;
			buildActionMask = 2147483647;
			files = (
				FE0C340B1B97F8BD00DE2490 /* Project4Tests.swift in Sources */,
			);
			runOnlyForDeploymentPostprocessing = 0;
		};
/* End PBXSourcesBuildPhase section */

/* Begin PBXTargetDependency section */
		FE0C34061B97F8BD00DE2490 /* PBXTargetDependency */ = {
			isa = PBXTargetDependency;
			target = FE0C33EE1B97F8BD00DE2490 /* Project4 */;
			targetProxy = FE0C34051B97F8BD00DE2490 /* PBXContainerItemProxy */;
		};
/* End PBXTargetDependency section */

/* Begin PBXVariantGroup section */
		FE0C33F81B97F8BD00DE2490 /* Main.storyboard */ = {
			isa = PBXVariantGroup;
			children = (
				FE0C33F91B97F8BD00DE2490 /* Base */,
			);
			name = Main.storyboard;
			sourceTree = "<group>";
		};
		FE0C33FD1B97F8BD00DE2490 /* LaunchScreen.xib */ = {
			isa = PBXVariantGroup;
			children = (
				FE0C33FE1B97F8BD00DE2490 /* Base */,
			);
			name = LaunchScreen.xib;
			sourceTree = "<group>";
		};
/* End PBXVariantGroup section */

/* Begin XCBuildConfiguration section */
		FE0C340C1B97F8BD00DE2490 /* Debug */ = {
			isa = XCBuildConfiguration;
			buildSettings = {
				ALWAYS_SEARCH_USER_PATHS = NO;
				CLANG_CXX_LANGUAGE_STANDARD = "gnu++0x";
				CLANG_CXX_LIBRARY = "libc++";
				CLANG_ENABLE_MODULES = YES;
				CLANG_ENABLE_OBJC_ARC = YES;
				CLANG_WARN_BOOL_CONVERSION = YES;
				CLANG_WARN_CONSTANT_CONVERSION = YES;
				CLANG_WARN_DIRECT_OBJC_ISA_USAGE = YES_ERROR;
				CLANG_WARN_EMPTY_BODY = YES;
				CLANG_WARN_ENUM_CONVERSION = YES;
				CLANG_WARN_INT_CONVERSION = YES;
				CLANG_WARN_OBJC_ROOT_CLASS = YES_ERROR;
				CLANG_WARN_UNREACHABLE_CODE = YES;
				CLANG_WARN__DUPLICATE_METHOD_MATCH = YES;
				"CODE_SIGN_IDENTITY[sdk=iphoneos*]" = "iPhone Developer";
				COPY_PHASE_STRIP = NO;
				DEBUG_INFORMATION_FORMAT = "dwarf-with-dsym";
				ENABLE_STRICT_OBJC_MSGSEND = YES;
				GCC_C_LANGUAGE_STANDARD = gnu99;
				GCC_DYNAMIC_NO_PIC = NO;
				GCC_NO_COMMON_BLOCKS = YES;
				GCC_OPTIMIZATION_LEVEL = 0;
				GCC_PREPROCESSOR_DEFINITIONS = (
					"DEBUG=1",
					"$(inherited)",
				);
				GCC_SYMBOLS_PRIVATE_EXTERN = NO;
				GCC_WARN_64_TO_32_BIT_CONVERSION = YES;
				GCC_WARN_ABOUT_RETURN_TYPE = YES_ERROR;
				GCC_WARN_UNDECLARED_SELECTOR = YES;
				GCC_WARN_UNINITIALIZED_AUTOS = YES_AGGRESSIVE;
				GCC_WARN_UNUSED_FUNCTION = YES;
				GCC_WARN_UNUSED_VARIABLE = YES;
				IPHONEOS_DEPLOYMENT_TARGET = 8.4;
				MTL_ENABLE_DEBUG_INFO = YES;
				ONLY_ACTIVE_ARCH = YES;
				SDKROOT = iphoneos;
				SWIFT_OPTIMIZATION_LEVEL = "-Onone";
				TARGETED_DEVICE_FAMILY = "1,2";
			};
			name = Debug;
		};
		FE0C340D1B97F8BD00DE2490 /* Release */ = {
			isa = XCBuildConfiguration;
			buildSettings = {
				ALWAYS_SEARCH_USER_PATHS = NO;
				CLANG_CXX_LANGUAGE_STANDARD = "gnu++0x";
				CLANG_CXX_LIBRARY = "libc++";
				CLANG_ENABLE_MODULES = YES;
				CLANG_ENABLE_OBJC_ARC = YES;
				CLANG_WARN_BOOL_CONVERSION = YES;
				CLANG_WARN_CONSTANT_CONVERSION = YES;
				CLANG_WARN_DIRECT_OBJC_ISA_USAGE = YES_ERROR;
				CLANG_WARN_EMPTY_BODY = YES;
				CLANG_WARN_ENUM_CONVERSION = YES;
				CLANG_WARN_INT_CONVERSION = YES;
				CLANG_WARN_OBJC_ROOT_CLASS = YES_ERROR;
				CLANG_WARN_UNREACHABLE_CODE = YES;
				CLANG_WARN__DUPLICATE_METHOD_MATCH = YES;
				"CODE_SIGN_IDENTITY[sdk=iphoneos*]" = "iPhone Developer";
				COPY_PHASE_STRIP = NO;
				DEBUG_INFORMATION_FORMAT = "dwarf-with-dsym";
				ENABLE_NS_ASSERTIONS = NO;
				ENABLE_STRICT_OBJC_MSGSEND = YES;
				GCC_C_LANGUAGE_STANDARD = gnu99;
				GCC_NO_COMMON_BLOCKS = YES;
				GCC_WARN_64_TO_32_BIT_CONVERSION = YES;
				GCC_WARN_ABOUT_RETURN_TYPE = YES_ERROR;
				GCC_WARN_UNDECLARED_SELECTOR = YES;
				GCC_WARN_UNINITIALIZED_AUTOS = YES_AGGRESSIVE;
				GCC_WARN_UNUSED_FUNCTION = YES;
				GCC_WARN_UNUSED_VARIABLE = YES;
				IPHONEOS_DEPLOYMENT_TARGET = 8.4;
				MTL_ENABLE_DEBUG_INFO = NO;
				SDKROOT = iphoneos;
				TARGETED_DEVICE_FAMILY = "1,2";
				VALIDATE_PRODUCT = YES;
			};
			name = Release;
		};
		FE0C340F1B97F8BD00DE2490 /* Debug */ = {
			isa = XCBuildConfiguration;
			buildSettings = {
				ASSETCATALOG_COMPILER_APPICON_NAME = AppIcon;
				INFOPLIST_FILE = Project4/Info.plist;
				LD_RUNPATH_SEARCH_PATHS = "$(inherited) @executable_path/Frameworks";
				PRODUCT_NAME = "$(TARGET_NAME)";
			};
			name = Debug;
		};
		FE0C34101B97F8BD00DE2490 /* Release */ = {
			isa = XCBuildConfiguration;
			buildSettings = {
				ASSETCATALOG_COMPILER_APPICON_NAME = AppIcon;
				INFOPLIST_FILE = Project4/Info.plist;
				LD_RUNPATH_SEARCH_PATHS = "$(inherited) @executable_path/Frameworks";
				PRODUCT_NAME = "$(TARGET_NAME)";
			};
			name = Release;
		};
		FE0C34121B97F8BD00DE2490 /* Debug */ = {
			isa = XCBuildConfiguration;
			buildSettings = {
				BUNDLE_LOADER = "$(TEST_HOST)";
				FRAMEWORK_SEARCH_PATHS = (
					"$(SDKROOT)/Developer/Library/Frameworks",
					"$(inherited)",
				);
				GCC_PREPROCESSOR_DEFINITIONS = (
					"DEBUG=1",
					"$(inherited)",
				);
				INFOPLIST_FILE = Project4Tests/Info.plist;
				LD_RUNPATH_SEARCH_PATHS = "$(inherited) @executable_path/Frameworks @loader_path/Frameworks";
				PRODUCT_NAME = "$(TARGET_NAME)";
				TEST_HOST = "$(BUILT_PRODUCTS_DIR)/Project4.app/Project4";
			};
			name = Debug;
		};
		FE0C34131B97F8BD00DE2490 /* Release */ = {
			isa = XCBuildConfiguration;
			buildSettings = {
				BUNDLE_LOADER = "$(TEST_HOST)";
				FRAMEWORK_SEARCH_PATHS = (
					"$(SDKROOT)/Developer/Library/Frameworks",
					"$(inherited)",
				);
				INFOPLIST_FILE = Project4Tests/Info.plist;
				LD_RUNPATH_SEARCH_PATHS = "$(inherited) @executable_path/Frameworks @loader_path/Frameworks";
				PRODUCT_NAME = "$(TARGET_NAME)";
				TEST_HOST = "$(BUILT_PRODUCTS_DIR)/Project4.app/Project4";
			};
			name = Release;
		};
/* End XCBuildConfiguration section */

/* Begin XCConfigurationList section */
		FE0C33EA1B97F8BD00DE2490 /* Build configuration list for PBXProject "Project4" */ = {
			isa = XCConfigurationList;
			buildConfigurations = (
				FE0C340C1B97F8BD00DE2490 /* Debug */,
				FE0C340D1B97F8BD00DE2490 /* Release */,
			);
			defaultConfigurationIsVisible = 0;
			defaultConfigurationName = Release;
		};
		FE0C340E1B97F8BD00DE2490 /* Build configuration list for PBXNativeTarget "Project4" */ = {
			isa = XCConfigurationList;
			buildConfigurations = (
				FE0C340F1B97F8BD00DE2490 /* Debug */,
				FE0C34101B97F8BD00DE2490 /* Release */,
			);
			defaultConfigurationIsVisible = 0;
		};
		FE0C34111B97F8BD00DE2490 /* Build configuration list for PBXNativeTarget "Project4Tests" */ = {
			isa = XCConfigurationList;
			buildConfigurations = (
				FE0C34121B97F8BD00DE2490 /* Debug */,
				FE0C34131B97F8BD00DE2490 /* Release */,
			);
			defaultConfigurationIsVisible = 0;
		};
/* End XCConfigurationList section */
	};
	rootObject = FE0C33E71B97F8BD00DE2490 /* Project object */;
}
