// !$*UTF8*$!
{
	archiveVersion = 1;
	classes = {
	};
	objectVersion = 46;
	objects = {

/* Begin PBXBuildFile section */
		FE2B68D31B97A2B300CAF718 /* AppDelegate.swift in Sources */ = {isa = PBXBuildFile; fileRef = FE2B68D21B97A2B300CAF718 /* AppDelegate.swift */; };
		FE2B68D51B97A2B300CAF718 /* MasterViewController.swift in Sources */ = {isa = PBXBuildFile; fileRef = FE2B68D41B97A2B300CAF718 /* MasterViewController.swift */; };
		FE2B68D71B97A2B300CAF718 /* DetailViewController.swift in Sources */ = {isa = PBXBuildFile; fileRef = FE2B68D61B97A2B300CAF718 /* DetailViewController.swift */; };
		FE2B68DA1B97A2B300CAF718 /* Main.storyboard in Resources */ = {isa = PBXBuildFile; fileRef = FE2B68D81B97A2B300CAF718 /* Main.storyboard */; };
		FE2B68DC1B97A2B300CAF718 /* Images.xcassets in Resources */ = {isa = PBXBuildFile; fileRef = FE2B68DB1B97A2B300CAF718 /* Images.xcassets */; };
		FE2B68DF1B97A2B300CAF718 /* LaunchScreen.xib in Resources */ = {isa = PBXBuildFile; fileRef = FE2B68DD1B97A2B300CAF718 /* LaunchScreen.xib */; };
		FE2B68EB1B97A2B300CAF718 /* Project1Tests.swift in Sources */ = {isa = PBXBuildFile; fileRef = FE2B68EA1B97A2B300CAF718 /* Project1Tests.swift */; };
/* End PBXBuildFile section */

/* Begin PBXContainerItemProxy section */
		FE2B68E51B97A2B300CAF718 /* PBXContainerItemProxy */ = {
			isa = PBXContainerItemProxy;
			containerPortal = FE2B68C51B97A2B300CAF718 /* Project object */;
			proxyType = 1;
			remoteGlobalIDString = FE2B68CC1B97A2B300CAF718;
			remoteInfo = Project1;
		};
/* End PBXContainerItemProxy section */

/* Begin PBXFileReference section */
		FE2B68CD1B97A2B300CAF718 /* Project1.app */ = {isa = PBXFileReference; explicitFileType = wrapper.application; includeInIndex = 0; path = Project1.app; sourceTree = BUILT_PRODUCTS_DIR; };
		FE2B68D11B97A2B300CAF718 /* Info.plist */ = {isa = PBXFileReference; lastKnownFileType = text.plist.xml; path = Info.plist; sourceTree = "<group>"; };
		FE2B68D21B97A2B300CAF718 /* AppDelegate.swift */ = {isa = PBXFileReference; lastKnownFileType = sourcecode.swift; path = AppDelegate.swift; sourceTree = "<group>"; };
		FE2B68D41B97A2B300CAF718 /* MasterViewController.swift */ = {isa = PBXFileReference; lastKnownFileType = sourcecode.swift; path = MasterViewController.swift; sourceTree = "<group>"; };
		FE2B68D61B97A2B300CAF718 /* DetailViewController.swift */ = {isa = PBXFileReference; lastKnownFileType = sourcecode.swift; path = DetailViewController.swift; sourceTree = "<group>"; };
		FE2B68D91B97A2B300CAF718 /* Base */ = {isa = PBXFileReference; lastKnownFileType = file.storyboard; name = Base; path = Base.lproj/Main.storyboard; sourceTree = "<group>"; };
		FE2B68DB1B97A2B300CAF718 /* Images.xcassets */ = {isa = PBXFileReference; lastKnownFileType = folder.assetcatalog; path = Images.xcassets; sourceTree = "<group>"; };
		FE2B68DE1B97A2B300CAF718 /* Base */ = {isa = PBXFileReference; lastKnownFileType = file.xib; name = Base; path = Base.lproj/LaunchScreen.xib; sourceTree = "<group>"; };
		FE2B68E41B97A2B300CAF718 /* Project1Tests.xctest */ = {isa = PBXFileReference; explicitFileType = wrapper.cfbundle; includeInIndex = 0; path = Project1Tests.xctest; sourceTree = BUILT_PRODUCTS_DIR; };
		FE2B68E91B97A2B300CAF718 /* Info.plist */ = {isa = PBXFileReference; lastKnownFileType = text.plist.xml; path = Info.plist; sourceTree = "<group>"; };
		FE2B68EA1B97A2B300CAF718 /* Project1Tests.swift */ = {isa = PBXFileReference; lastKnownFileType = sourcecode.swift; path = Project1Tests.swift; sourceTree = "<group>"; };
/* End PBXFileReference section */

/* Begin PBXFrameworksBuildPhase section */
		FE2B68CA1B97A2B300CAF718 /* Frameworks */ = {
			isa = PBXFrameworksBuildPhase;
			buildActionMask = 2147483647;
			files = (
			);
			runOnlyForDeploymentPostprocessing = 0;
		};
		FE2B68E11B97A2B300CAF718 /* Frameworks */ = {
			isa = PBXFrameworksBuildPhase;
			buildActionMask = 2147483647;
			files = (
			);
			runOnlyForDeploymentPostprocessing = 0;
		};
/* End PBXFrameworksBuildPhase section */

/* Begin PBXGroup section */
		FE2B68C41B97A2B300CAF718 = {
			isa = PBXGroup;
			children = (
				FE2B68CF1B97A2B300CAF718 /* Project1 */,
				FE2B68E71B97A2B300CAF718 /* Project1Tests */,
				FE2B68CE1B97A2B300CAF718 /* Products */,
			);
			sourceTree = "<group>";
		};
		FE2B68CE1B97A2B300CAF718 /* Products */ = {
			isa = PBXGroup;
			children = (
				FE2B68CD1B97A2B300CAF718 /* Project1.app */,
				FE2B68E41B97A2B300CAF718 /* Project1Tests.xctest */,
			);
			name = Products;
			sourceTree = "<group>";
		};
		FE2B68CF1B97A2B300CAF718 /* Project1 */ = {
			isa = PBXGroup;
			children = (
				FE2B68D21B97A2B300CAF718 /* AppDelegate.swift */,
				FE2B68D41B97A2B300CAF718 /* MasterViewController.swift */,
				FE2B68D61B97A2B300CAF718 /* DetailViewController.swift */,
				FE2B68D81B97A2B300CAF718 /* Main.storyboard */,
				FE2B68DB1B97A2B300CAF718 /* Images.xcassets */,
				FE2B68DD1B97A2B300CAF718 /* LaunchScreen.xib */,
				FE2B68D01B97A2B300CAF718 /* Supporting Files */,
			);
			path = Project1;
			sourceTree = "<group>";
		};
		FE2B68D01B97A2B300CAF718 /* Supporting Files */ = {
			isa = PBXGroup;
			children = (
				FE2B68D11B97A2B300CAF718 /* Info.plist */,
			);
			name = "Supporting Files";
			sourceTree = "<group>";
		};
		FE2B68E71B97A2B300CAF718 /* Project1Tests */ = {
			isa = PBXGroup;
			children = (
				FE2B68EA1B97A2B300CAF718 /* Project1Tests.swift */,
				FE2B68E81B97A2B300CAF718 /* Supporting Files */,
			);
			path = Project1Tests;
			sourceTree = "<group>";
		};
		FE2B68E81B97A2B300CAF718 /* Supporting Files */ = {
			isa = PBXGroup;
			children = (
				FE2B68E91B97A2B300CAF718 /* Info.plist */,
			);
			name = "Supporting Files";
			sourceTree = "<group>";
		};
/* End PBXGroup section */

/* Begin PBXNativeTarget section */
		FE2B68CC1B97A2B300CAF718 /* Project1 */ = {
			isa = PBXNativeTarget;
			buildConfigurationList = FE2B68EE1B97A2B300CAF718 /* Build configuration list for PBXNativeTarget "Project1" */;
			buildPhases = (
				FE2B68C91B97A2B300CAF718 /* Sources */,
				FE2B68CA1B97A2B300CAF718 /* Frameworks */,
				FE2B68CB1B97A2B300CAF718 /* Resources */,
			);
			buildRules = (
			);
			dependencies = (
			);
			name = Project1;
			productName = Project1;
			productReference = FE2B68CD1B97A2B300CAF718 /* Project1.app */;
			productType = "com.apple.product-type.application";
		};
		FE2B68E31B97A2B300CAF718 /* Project1Tests */ = {
			isa = PBXNativeTarget;
			buildConfigurationList = FE2B68F11B97A2B300CAF718 /* Build configuration list for PBXNativeTarget "Project1Tests" */;
			buildPhases = (
				FE2B68E01B97A2B300CAF718 /* Sources */,
				FE2B68E11B97A2B300CAF718 /* Frameworks */,
				FE2B68E21B97A2B300CAF718 /* Resources */,
			);
			buildRules = (
			);
			dependencies = (
				FE2B68E61B97A2B300CAF718 /* PBXTargetDependency */,
			);
			name = Project1Tests;
			productName = Project1Tests;
			productReference = FE2B68E41B97A2B300CAF718 /* Project1Tests.xctest */;
			productType = "com.apple.product-type.bundle.unit-test";
		};
/* End PBXNativeTarget section */

/* Begin PBXProject section */
		FE2B68C51B97A2B300CAF718 /* Project object */ = {
			isa = PBXProject;
			attributes = {
				LastUpgradeCheck = 0640;
				ORGANIZATIONNAME = "Elex Lee";
				TargetAttributes = {
					FE2B68CC1B97A2B300CAF718 = {
						CreatedOnToolsVersion = 6.4;
					};
					FE2B68E31B97A2B300CAF718 = {
						CreatedOnToolsVersion = 6.4;
						TestTargetID = FE2B68CC1B97A2B300CAF718;
					};
				};
			};
			buildConfigurationList = FE2B68C81B97A2B300CAF718 /* Build configuration list for PBXProject "Project1" */;
			compatibilityVersion = "Xcode 3.2";
			developmentRegion = English;
			hasScannedForEncodings = 0;
			knownRegions = (
				en,
				Base,
			);
			mainGroup = FE2B68C41B97A2B300CAF718;
			productRefGroup = FE2B68CE1B97A2B300CAF718 /* Products */;
			projectDirPath = "";
			projectRoot = "";
			targets = (
				FE2B68CC1B97A2B300CAF718 /* Project1 */,
				FE2B68E31B97A2B300CAF718 /* Project1Tests */,
			);
		};
/* End PBXProject section */

/* Begin PBXResourcesBuildPhase section */
		FE2B68CB1B97A2B300CAF718 /* Resources */ = {
			isa = PBXResourcesBuildPhase;
			buildActionMask = 2147483647;
			files = (
				FE2B68DA1B97A2B300CAF718 /* Main.storyboard in Resources */,
				FE2B68DF1B97A2B300CAF718 /* LaunchScreen.xib in Resources */,
				FE2B68DC1B97A2B300CAF718 /* Images.xcassets in Resources */,
			);
			runOnlyForDeploymentPostprocessing = 0;
		};
		FE2B68E21B97A2B300CAF718 /* Resources */ = {
			isa = PBXResourcesBuildPhase;
			buildActionMask = 2147483647;
			files = (
			);
			runOnlyForDeploymentPostprocessing = 0;
		};
/* End PBXResourcesBuildPhase section */

/* Begin PBXSourcesBuildPhase section */
		FE2B68C91B97A2B300CAF718 /* Sources */ = {
			isa = PBXSourcesBuildPhase;
			buildActionMask = 2147483647;
			files = (
				FE2B68D71B97A2B300CAF718 /* DetailViewController.swift in Sources */,
				FE2B68D51B97A2B300CAF718 /* MasterViewController.swift in Sources */,
				FE2B68D31B97A2B300CAF718 /* AppDelegate.swift in Sources */,
			);
			runOnlyForDeploymentPostprocessing = 0;
		};
		FE2B68E01B97A2B300CAF718 /* Sources */ = {
			isa = PBXSourcesBuildPhase;
			buildActionMask = 2147483647;
			files = (
				FE2B68EB1B97A2B300CAF718 /* Project1Tests.swift in Sources */,
			);
			runOnlyForDeploymentPostprocessing = 0;
		};
/* End PBXSourcesBuildPhase section */

/* Begin PBXTargetDependency section */
		FE2B68E61B97A2B300CAF718 /* PBXTargetDependency */ = {
			isa = PBXTargetDependency;
			target = FE2B68CC1B97A2B300CAF718 /* Project1 */;
			targetProxy = FE2B68E51B97A2B300CAF718 /* PBXContainerItemProxy */;
		};
/* End PBXTargetDependency section */

/* Begin PBXVariantGroup section */
		FE2B68D81B97A2B300CAF718 /* Main.storyboard */ = {
			isa = PBXVariantGroup;
			children = (
				FE2B68D91B97A2B300CAF718 /* Base */,
			);
			name = Main.storyboard;
			sourceTree = "<group>";
		};
		FE2B68DD1B97A2B300CAF718 /* LaunchScreen.xib */ = {
			isa = PBXVariantGroup;
			children = (
				FE2B68DE1B97A2B300CAF718 /* Base */,
			);
			name = LaunchScreen.xib;
			sourceTree = "<group>";
		};
/* End PBXVariantGroup section */

/* Begin XCBuildConfiguration section */
		FE2B68EC1B97A2B300CAF718 /* Debug */ = {
			isa = XCBuildConfiguration;
			buildSettings = {
				ALWAYS_SEARCH_USER_PATHS = NO;
				CLANG_CXX_LANGUAGE_STANDARD = "gnu++0x";
				CLANG_CXX_LIBRARY = "libc++";
				CLANG_ENABLE_MODULES = YES;
				CLANG_ENABLE_OBJC_ARC = YES;
				CLANG_WARN_BOOL_CONVERSION = YES;
				CLANG_WARN_CONSTANT_CONVERSION = YES;
				CLANG_WARN_DIRECT_OBJC_ISA_USAGE = YES_ERROR;
				CLANG_WARN_EMPTY_BODY = YES;
				CLANG_WARN_ENUM_CONVERSION = YES;
				CLANG_WARN_INT_CONVERSION = YES;
				CLANG_WARN_OBJC_ROOT_CLASS = YES_ERROR;
				CLANG_WARN_UNREACHABLE_CODE = YES;
				CLANG_WARN__DUPLICATE_METHOD_MATCH = YES;
				"CODE_SIGN_IDENTITY[sdk=iphoneos*]" = "iPhone Developer";
				COPY_PHASE_STRIP = NO;
				DEBUG_INFORMATION_FORMAT = "dwarf-with-dsym";
				ENABLE_STRICT_OBJC_MSGSEND = YES;
				GCC_C_LANGUAGE_STANDARD = gnu99;
				GCC_DYNAMIC_NO_PIC = NO;
				GCC_NO_COMMON_BLOCKS = YES;
				GCC_OPTIMIZATION_LEVEL = 0;
				GCC_PREPROCESSOR_DEFINITIONS = (
					"DEBUG=1",
					"$(inherited)",
				);
				GCC_SYMBOLS_PRIVATE_EXTERN = NO;
				GCC_WARN_64_TO_32_BIT_CONVERSION = YES;
				GCC_WARN_ABOUT_RETURN_TYPE = YES_ERROR;
				GCC_WARN_UNDECLARED_SELECTOR = YES;
				GCC_WARN_UNINITIALIZED_AUTOS = YES_AGGRESSIVE;
				GCC_WARN_UNUSED_FUNCTION = YES;
				GCC_WARN_UNUSED_VARIABLE = YES;
				IPHONEOS_DEPLOYMENT_TARGET = 8.4;
				MTL_ENABLE_DEBUG_INFO = YES;
				ONLY_ACTIVE_ARCH = YES;
				SDKROOT = iphoneos;
				SWIFT_OPTIMIZATION_LEVEL = "-Onone";
				TARGETED_DEVICE_FAMILY = "1,2";
			};
			name = Debug;
		};
		FE2B68ED1B97A2B300CAF718 /* Release */ = {
			isa = XCBuildConfiguration;
			buildSettings = {
				ALWAYS_SEARCH_USER_PATHS = NO;
				CLANG_CXX_LANGUAGE_STANDARD = "gnu++0x";
				CLANG_CXX_LIBRARY = "libc++";
				CLANG_ENABLE_MODULES = YES;
				CLANG_ENABLE_OBJC_ARC = YES;
				CLANG_WARN_BOOL_CONVERSION = YES;
				CLANG_WARN_CONSTANT_CONVERSION = YES;
				CLANG_WARN_DIRECT_OBJC_ISA_USAGE = YES_ERROR;
				CLANG_WARN_EMPTY_BODY = YES;
				CLANG_WARN_ENUM_CONVERSION = YES;
				CLANG_WARN_INT_CONVERSION = YES;
				CLANG_WARN_OBJC_ROOT_CLASS = YES_ERROR;
				CLANG_WARN_UNREACHABLE_CODE = YES;
				CLANG_WARN__DUPLICATE_METHOD_MATCH = YES;
				"CODE_SIGN_IDENTITY[sdk=iphoneos*]" = "iPhone Developer";
				COPY_PHASE_STRIP = NO;
				DEBUG_INFORMATION_FORMAT = "dwarf-with-dsym";
				ENABLE_NS_ASSERTIONS = NO;
				ENABLE_STRICT_OBJC_MSGSEND = YES;
				GCC_C_LANGUAGE_STANDARD = gnu99;
				GCC_NO_COMMON_BLOCKS = YES;
				GCC_WARN_64_TO_32_BIT_CONVERSION = YES;
				GCC_WARN_ABOUT_RETURN_TYPE = YES_ERROR;
				GCC_WARN_UNDECLARED_SELECTOR = YES;
				GCC_WARN_UNINITIALIZED_AUTOS = YES_AGGRESSIVE;
				GCC_WARN_UNUSED_FUNCTION = YES;
				GCC_WARN_UNUSED_VARIABLE = YES;
				IPHONEOS_DEPLOYMENT_TARGET = 8.4;
				MTL_ENABLE_DEBUG_INFO = NO;
				SDKROOT = iphoneos;
				TARGETED_DEVICE_FAMILY = "1,2";
				VALIDATE_PRODUCT = YES;
			};
			name = Release;
		};
		FE2B68EF1B97A2B300CAF718 /* Debug */ = {
			isa = XCBuildConfiguration;
			buildSettings = {
				ASSETCATALOG_COMPILER_APPICON_NAME = AppIcon;
				INFOPLIST_FILE = Project1/Info.plist;
				LD_RUNPATH_SEARCH_PATHS = "$(inherited) @executable_path/Frameworks";
				PRODUCT_NAME = "$(TARGET_NAME)";
			};
			name = Debug;
		};
		FE2B68F01B97A2B300CAF718 /* Release */ = {
			isa = XCBuildConfiguration;
			buildSettings = {
				ASSETCATALOG_COMPILER_APPICON_NAME = AppIcon;
				INFOPLIST_FILE = Project1/Info.plist;
				LD_RUNPATH_SEARCH_PATHS = "$(inherited) @executable_path/Frameworks";
				PRODUCT_NAME = "$(TARGET_NAME)";
			};
			name = Release;
		};
		FE2B68F21B97A2B300CAF718 /* Debug */ = {
			isa = XCBuildConfiguration;
			buildSettings = {
				BUNDLE_LOADER = "$(TEST_HOST)";
				FRAMEWORK_SEARCH_PATHS = (
					"$(SDKROOT)/Developer/Library/Frameworks",
					"$(inherited)",
				);
				GCC_PREPROCESSOR_DEFINITIONS = (
					"DEBUG=1",
					"$(inherited)",
				);
				INFOPLIST_FILE = Project1Tests/Info.plist;
				LD_RUNPATH_SEARCH_PATHS = "$(inherited) @executable_path/Frameworks @loader_path/Frameworks";
				PRODUCT_NAME = "$(TARGET_NAME)";
				TEST_HOST = "$(BUILT_PRODUCTS_DIR)/Project1.app/Project1";
			};
			name = Debug;
		};
		FE2B68F31B97A2B300CAF718 /* Release */ = {
			isa = XCBuildConfiguration;
			buildSettings = {
				BUNDLE_LOADER = "$(TEST_HOST)";
				FRAMEWORK_SEARCH_PATHS = (
					"$(SDKROOT)/Developer/Library/Frameworks",
					"$(inherited)",
				);
				INFOPLIST_FILE = Project1Tests/Info.plist;
				LD_RUNPATH_SEARCH_PATHS = "$(inherited) @executable_path/Frameworks @loader_path/Frameworks";
				PRODUCT_NAME = "$(TARGET_NAME)";
				TEST_HOST = "$(BUILT_PRODUCTS_DIR)/Project1.app/Project1";
			};
			name = Release;
		};
/* End XCBuildConfiguration section */

/* Begin XCConfigurationList section */
		FE2B68C81B97A2B300CAF718 /* Build configuration list for PBXProject "Project1" */ = {
			isa = XCConfigurationList;
			buildConfigurations = (
				FE2B68EC1B97A2B300CAF718 /* Debug */,
				FE2B68ED1B97A2B300CAF718 /* Release */,
			);
			defaultConfigurationIsVisible = 0;
			defaultConfigurationName = Release;
		};
		FE2B68EE1B97A2B300CAF718 /* Build configuration list for PBXNativeTarget "Project1" */ = {
			isa = XCConfigurationList;
			buildConfigurations = (
				FE2B68EF1B97A2B300CAF718 /* Debug */,
				FE2B68F01B97A2B300CAF718 /* Release */,
			);
			defaultConfigurationIsVisible = 0;
		};
		FE2B68F11B97A2B300CAF718 /* Build configuration list for PBXNativeTarget "Project1Tests" */ = {
			isa = XCConfigurationList;
			buildConfigurations = (
				FE2B68F21B97A2B300CAF718 /* Debug */,
				FE2B68F31B97A2B300CAF718 /* Release */,
			);
			defaultConfigurationIsVisible = 0;
		};
/* End XCConfigurationList section */
	};
	rootObject = FE2B68C51B97A2B300CAF718 /* Project object */;
}
