// !$*UTF8*$!
{
	archiveVersion = 1;
	classes = {
	};
	objectVersion = 46;
	objects = {

/* Begin PBXBuildFile section */
		FE9D21791B9FBCDB00A19C4F /* AppDelegate.swift in Sources */ = {isa = PBXBuildFile; fileRef = FE9D21781B9FBCDB00A19C4F /* AppDelegate.swift */; };
		FE9D217B1B9FBCDB00A19C4F /* ViewController.swift in Sources */ = {isa = PBXBuildFile; fileRef = FE9D217A1B9FBCDB00A19C4F /* ViewController.swift */; };
		FE9D217E1B9FBCDB00A19C4F /* Main.storyboard in Resources */ = {isa = PBXBuildFile; fileRef = FE9D217C1B9FBCDB00A19C4F /* Main.storyboard */; };
		FE9D21801B9FBCDB00A19C4F /* Images.xcassets in Resources */ = {isa = PBXBuildFile; fileRef = FE9D217F1B9FBCDB00A19C4F /* Images.xcassets */; };
		FE9D21831B9FBCDB00A19C4F /* LaunchScreen.xib in Resources */ = {isa = PBXBuildFile; fileRef = FE9D21811B9FBCDB00A19C4F /* LaunchScreen.xib */; };
		FE9D218F1B9FBCDB00A19C4F /* Project21Tests.swift in Sources */ = {isa = PBXBuildFile; fileRef = FE9D218E1B9FBCDB00A19C4F /* Project21Tests.swift */; };
/* End PBXBuildFile section */

/* Begin PBXContainerItemProxy section */
		FE9D21891B9FBCDB00A19C4F /* PBXContainerItemProxy */ = {
			isa = PBXContainerItemProxy;
			containerPortal = FE9D216B1B9FBCDB00A19C4F /* Project object */;
			proxyType = 1;
			remoteGlobalIDString = FE9D21721B9FBCDB00A19C4F;
			remoteInfo = Project21;
		};
/* End PBXContainerItemProxy section */

/* Begin PBXFileReference section */
		FE9D21731B9FBCDB00A19C4F /* Project21.app */ = {isa = PBXFileReference; explicitFileType = wrapper.application; includeInIndex = 0; path = Project21.app; sourceTree = BUILT_PRODUCTS_DIR; };
		FE9D21771B9FBCDB00A19C4F /* Info.plist */ = {isa = PBXFileReference; lastKnownFileType = text.plist.xml; path = Info.plist; sourceTree = "<group>"; };
		FE9D21781B9FBCDB00A19C4F /* AppDelegate.swift */ = {isa = PBXFileReference; lastKnownFileType = sourcecode.swift; path = AppDelegate.swift; sourceTree = "<group>"; };
		FE9D217A1B9FBCDB00A19C4F /* ViewController.swift */ = {isa = PBXFileReference; lastKnownFileType = sourcecode.swift; path = ViewController.swift; sourceTree = "<group>"; };
		FE9D217D1B9FBCDB00A19C4F /* Base */ = {isa = PBXFileReference; lastKnownFileType = file.storyboard; name = Base; path = Base.lproj/Main.storyboard; sourceTree = "<group>"; };
		FE9D217F1B9FBCDB00A19C4F /* Images.xcassets */ = {isa = PBXFileReference; lastKnownFileType = folder.assetcatalog; path = Images.xcassets; sourceTree = "<group>"; };
		FE9D21821B9FBCDB00A19C4F /* Base */ = {isa = PBXFileReference; lastKnownFileType = file.xib; name = Base; path = Base.lproj/LaunchScreen.xib; sourceTree = "<group>"; };
		FE9D21881B9FBCDB00A19C4F /* Project21Tests.xctest */ = {isa = PBXFileReference; explicitFileType = wrapper.cfbundle; includeInIndex = 0; path = Project21Tests.xctest; sourceTree = BUILT_PRODUCTS_DIR; };
		FE9D218D1B9FBCDB00A19C4F /* Info.plist */ = {isa = PBXFileReference; lastKnownFileType = text.plist.xml; path = Info.plist; sourceTree = "<group>"; };
		FE9D218E1B9FBCDB00A19C4F /* Project21Tests.swift */ = {isa = PBXFileReference; lastKnownFileType = sourcecode.swift; path = Project21Tests.swift; sourceTree = "<group>"; };
/* End PBXFileReference section */

/* Begin PBXFrameworksBuildPhase section */
		FE9D21701B9FBCDB00A19C4F /* Frameworks */ = {
			isa = PBXFrameworksBuildPhase;
			buildActionMask = 2147483647;
			files = (
			);
			runOnlyForDeploymentPostprocessing = 0;
		};
		FE9D21851B9FBCDB00A19C4F /* Frameworks */ = {
			isa = PBXFrameworksBuildPhase;
			buildActionMask = 2147483647;
			files = (
			);
			runOnlyForDeploymentPostprocessing = 0;
		};
/* End PBXFrameworksBuildPhase section */

/* Begin PBXGroup section */
		FE9D216A1B9FBCDB00A19C4F = {
			isa = PBXGroup;
			children = (
				FE9D21751B9FBCDB00A19C4F /* Project21 */,
				FE9D218B1B9FBCDB00A19C4F /* Project21Tests */,
				FE9D21741B9FBCDB00A19C4F /* Products */,
			);
			sourceTree = "<group>";
		};
		FE9D21741B9FBCDB00A19C4F /* Products */ = {
			isa = PBXGroup;
			children = (
				FE9D21731B9FBCDB00A19C4F /* Project21.app */,
				FE9D21881B9FBCDB00A19C4F /* Project21Tests.xctest */,
			);
			name = Products;
			sourceTree = "<group>";
		};
		FE9D21751B9FBCDB00A19C4F /* Project21 */ = {
			isa = PBXGroup;
			children = (
				FE9D21781B9FBCDB00A19C4F /* AppDelegate.swift */,
				FE9D217A1B9FBCDB00A19C4F /* ViewController.swift */,
				FE9D217C1B9FBCDB00A19C4F /* Main.storyboard */,
				FE9D217F1B9FBCDB00A19C4F /* Images.xcassets */,
				FE9D21811B9FBCDB00A19C4F /* LaunchScreen.xib */,
				FE9D21761B9FBCDB00A19C4F /* Supporting Files */,
			);
			path = Project21;
			sourceTree = "<group>";
		};
		FE9D21761B9FBCDB00A19C4F /* Supporting Files */ = {
			isa = PBXGroup;
			children = (
				FE9D21771B9FBCDB00A19C4F /* Info.plist */,
			);
			name = "Supporting Files";
			sourceTree = "<group>";
		};
		FE9D218B1B9FBCDB00A19C4F /* Project21Tests */ = {
			isa = PBXGroup;
			children = (
				FE9D218E1B9FBCDB00A19C4F /* Project21Tests.swift */,
				FE9D218C1B9FBCDB00A19C4F /* Supporting Files */,
			);
			path = Project21Tests;
			sourceTree = "<group>";
		};
		FE9D218C1B9FBCDB00A19C4F /* Supporting Files */ = {
			isa = PBXGroup;
			children = (
				FE9D218D1B9FBCDB00A19C4F /* Info.plist */,
			);
			name = "Supporting Files";
			sourceTree = "<group>";
		};
/* End PBXGroup section */

/* Begin PBXNativeTarget section */
		FE9D21721B9FBCDB00A19C4F /* Project21 */ = {
			isa = PBXNativeTarget;
			buildConfigurationList = FE9D21921B9FBCDB00A19C4F /* Build configuration list for PBXNativeTarget "Project21" */;
			buildPhases = (
				FE9D216F1B9FBCDB00A19C4F /* Sources */,
				FE9D21701B9FBCDB00A19C4F /* Frameworks */,
				FE9D21711B9FBCDB00A19C4F /* Resources */,
			);
			buildRules = (
			);
			dependencies = (
			);
			name = Project21;
			productName = Project21;
			productReference = FE9D21731B9FBCDB00A19C4F /* Project21.app */;
			productType = "com.apple.product-type.application";
		};
		FE9D21871B9FBCDB00A19C4F /* Project21Tests */ = {
			isa = PBXNativeTarget;
			buildConfigurationList = FE9D21951B9FBCDB00A19C4F /* Build configuration list for PBXNativeTarget "Project21Tests" */;
			buildPhases = (
				FE9D21841B9FBCDB00A19C4F /* Sources */,
				FE9D21851B9FBCDB00A19C4F /* Frameworks */,
				FE9D21861B9FBCDB00A19C4F /* Resources */,
			);
			buildRules = (
			);
			dependencies = (
				FE9D218A1B9FBCDB00A19C4F /* PBXTargetDependency */,
			);
			name = Project21Tests;
			productName = Project21Tests;
			productReference = FE9D21881B9FBCDB00A19C4F /* Project21Tests.xctest */;
			productType = "com.apple.product-type.bundle.unit-test";
		};
/* End PBXNativeTarget section */

/* Begin PBXProject section */
		FE9D216B1B9FBCDB00A19C4F /* Project object */ = {
			isa = PBXProject;
			attributes = {
				LastUpgradeCheck = 0640;
				ORGANIZATIONNAME = "Elex Lee";
				TargetAttributes = {
					FE9D21721B9FBCDB00A19C4F = {
						CreatedOnToolsVersion = 6.4;
					};
					FE9D21871B9FBCDB00A19C4F = {
						CreatedOnToolsVersion = 6.4;
						TestTargetID = FE9D21721B9FBCDB00A19C4F;
					};
				};
			};
			buildConfigurationList = FE9D216E1B9FBCDB00A19C4F /* Build configuration list for PBXProject "Project21" */;
			compatibilityVersion = "Xcode 3.2";
			developmentRegion = English;
			hasScannedForEncodings = 0;
			knownRegions = (
				en,
				Base,
			);
			mainGroup = FE9D216A1B9FBCDB00A19C4F;
			productRefGroup = FE9D21741B9FBCDB00A19C4F /* Products */;
			projectDirPath = "";
			projectRoot = "";
			targets = (
				FE9D21721B9FBCDB00A19C4F /* Project21 */,
				FE9D21871B9FBCDB00A19C4F /* Project21Tests */,
			);
		};
/* End PBXProject section */

/* Begin PBXResourcesBuildPhase section */
		FE9D21711B9FBCDB00A19C4F /* Resources */ = {
			isa = PBXResourcesBuildPhase;
			buildActionMask = 2147483647;
			files = (
				FE9D217E1B9FBCDB00A19C4F /* Main.storyboard in Resources */,
				FE9D21831B9FBCDB00A19C4F /* LaunchScreen.xib in Resources */,
				FE9D21801B9FBCDB00A19C4F /* Images.xcassets in Resources */,
			);
			runOnlyForDeploymentPostprocessing = 0;
		};
		FE9D21861B9FBCDB00A19C4F /* Resources */ = {
			isa = PBXResourcesBuildPhase;
			buildActionMask = 2147483647;
			files = (
			);
			runOnlyForDeploymentPostprocessing = 0;
		};
/* End PBXResourcesBuildPhase section */

/* Begin PBXSourcesBuildPhase section */
		FE9D216F1B9FBCDB00A19C4F /* Sources */ = {
			isa = PBXSourcesBuildPhase;
			buildActionMask = 2147483647;
			files = (
				FE9D217B1B9FBCDB00A19C4F /* ViewController.swift in Sources */,
				FE9D21791B9FBCDB00A19C4F /* AppDelegate.swift in Sources */,
			);
			runOnlyForDeploymentPostprocessing = 0;
		};
		FE9D21841B9FBCDB00A19C4F /* Sources */ = {
			isa = PBXSourcesBuildPhase;
			buildActionMask = 2147483647;
			files = (
				FE9D218F1B9FBCDB00A19C4F /* Project21Tests.swift in Sources */,
			);
			runOnlyForDeploymentPostprocessing = 0;
		};
/* End PBXSourcesBuildPhase section */

/* Begin PBXTargetDependency section */
		FE9D218A1B9FBCDB00A19C4F /* PBXTargetDependency */ = {
			isa = PBXTargetDependency;
			target = FE9D21721B9FBCDB00A19C4F /* Project21 */;
			targetProxy = FE9D21891B9FBCDB00A19C4F /* PBXContainerItemProxy */;
		};
/* End PBXTargetDependency section */

/* Begin PBXVariantGroup section */
		FE9D217C1B9FBCDB00A19C4F /* Main.storyboard */ = {
			isa = PBXVariantGroup;
			children = (
				FE9D217D1B9FBCDB00A19C4F /* Base */,
			);
			name = Main.storyboard;
			sourceTree = "<group>";
		};
		FE9D21811B9FBCDB00A19C4F /* LaunchScreen.xib */ = {
			isa = PBXVariantGroup;
			children = (
				FE9D21821B9FBCDB00A19C4F /* Base */,
			);
			name = LaunchScreen.xib;
			sourceTree = "<group>";
		};
/* End PBXVariantGroup section */

/* Begin XCBuildConfiguration section */
		FE9D21901B9FBCDB00A19C4F /* Debug */ = {
			isa = XCBuildConfiguration;
			buildSettings = {
				ALWAYS_SEARCH_USER_PATHS = NO;
				CLANG_CXX_LANGUAGE_STANDARD = "gnu++0x";
				CLANG_CXX_LIBRARY = "libc++";
				CLANG_ENABLE_MODULES = YES;
				CLANG_ENABLE_OBJC_ARC = YES;
				CLANG_WARN_BOOL_CONVERSION = YES;
				CLANG_WARN_CONSTANT_CONVERSION = YES;
				CLANG_WARN_DIRECT_OBJC_ISA_USAGE = YES_ERROR;
				CLANG_WARN_EMPTY_BODY = YES;
				CLANG_WARN_ENUM_CONVERSION = YES;
				CLANG_WARN_INT_CONVERSION = YES;
				CLANG_WARN_OBJC_ROOT_CLASS = YES_ERROR;
				CLANG_WARN_UNREACHABLE_CODE = YES;
				CLANG_WARN__DUPLICATE_METHOD_MATCH = YES;
				"CODE_SIGN_IDENTITY[sdk=iphoneos*]" = "iPhone Developer";
				COPY_PHASE_STRIP = NO;
				DEBUG_INFORMATION_FORMAT = "dwarf-with-dsym";
				ENABLE_STRICT_OBJC_MSGSEND = YES;
				GCC_C_LANGUAGE_STANDARD = gnu99;
				GCC_DYNAMIC_NO_PIC = NO;
				GCC_NO_COMMON_BLOCKS = YES;
				GCC_OPTIMIZATION_LEVEL = 0;
				GCC_PREPROCESSOR_DEFINITIONS = (
					"DEBUG=1",
					"$(inherited)",
				);
				GCC_SYMBOLS_PRIVATE_EXTERN = NO;
				GCC_WARN_64_TO_32_BIT_CONVERSION = YES;
				GCC_WARN_ABOUT_RETURN_TYPE = YES_ERROR;
				GCC_WARN_UNDECLARED_SELECTOR = YES;
				GCC_WARN_UNINITIALIZED_AUTOS = YES_AGGRESSIVE;
				GCC_WARN_UNUSED_FUNCTION = YES;
				GCC_WARN_UNUSED_VARIABLE = YES;
				IPHONEOS_DEPLOYMENT_TARGET = 8.4;
				MTL_ENABLE_DEBUG_INFO = YES;
				ONLY_ACTIVE_ARCH = YES;
				SDKROOT = iphoneos;
				SWIFT_OPTIMIZATION_LEVEL = "-Onone";
				TARGETED_DEVICE_FAMILY = "1,2";
			};
			name = Debug;
		};
		FE9D21911B9FBCDB00A19C4F /* Release */ = {
			isa = XCBuildConfiguration;
			buildSettings = {
				ALWAYS_SEARCH_USER_PATHS = NO;
				CLANG_CXX_LANGUAGE_STANDARD = "gnu++0x";
				CLANG_CXX_LIBRARY = "libc++";
				CLANG_ENABLE_MODULES = YES;
				CLANG_ENABLE_OBJC_ARC = YES;
				CLANG_WARN_BOOL_CONVERSION = YES;
				CLANG_WARN_CONSTANT_CONVERSION = YES;
				CLANG_WARN_DIRECT_OBJC_ISA_USAGE = YES_ERROR;
				CLANG_WARN_EMPTY_BODY = YES;
				CLANG_WARN_ENUM_CONVERSION = YES;
				CLANG_WARN_INT_CONVERSION = YES;
				CLANG_WARN_OBJC_ROOT_CLASS = YES_ERROR;
				CLANG_WARN_UNREACHABLE_CODE = YES;
				CLANG_WARN__DUPLICATE_METHOD_MATCH = YES;
				"CODE_SIGN_IDENTITY[sdk=iphoneos*]" = "iPhone Developer";
				COPY_PHASE_STRIP = NO;
				DEBUG_INFORMATION_FORMAT = "dwarf-with-dsym";
				ENABLE_NS_ASSERTIONS = NO;
				ENABLE_STRICT_OBJC_MSGSEND = YES;
				GCC_C_LANGUAGE_STANDARD = gnu99;
				GCC_NO_COMMON_BLOCKS = YES;
				GCC_WARN_64_TO_32_BIT_CONVERSION = YES;
				GCC_WARN_ABOUT_RETURN_TYPE = YES_ERROR;
				GCC_WARN_UNDECLARED_SELECTOR = YES;
				GCC_WARN_UNINITIALIZED_AUTOS = YES_AGGRESSIVE;
				GCC_WARN_UNUSED_FUNCTION = YES;
				GCC_WARN_UNUSED_VARIABLE = YES;
				IPHONEOS_DEPLOYMENT_TARGET = 8.4;
				MTL_ENABLE_DEBUG_INFO = NO;
				SDKROOT = iphoneos;
				TARGETED_DEVICE_FAMILY = "1,2";
				VALIDATE_PRODUCT = YES;
			};
			name = Release;
		};
		FE9D21931B9FBCDB00A19C4F /* Debug */ = {
			isa = XCBuildConfiguration;
			buildSettings = {
				ASSETCATALOG_COMPILER_APPICON_NAME = AppIcon;
				INFOPLIST_FILE = Project21/Info.plist;
				LD_RUNPATH_SEARCH_PATHS = "$(inherited) @executable_path/Frameworks";
				PRODUCT_NAME = "$(TARGET_NAME)";
			};
			name = Debug;
		};
		FE9D21941B9FBCDB00A19C4F /* Release */ = {
			isa = XCBuildConfiguration;
			buildSettings = {
				ASSETCATALOG_COMPILER_APPICON_NAME = AppIcon;
				INFOPLIST_FILE = Project21/Info.plist;
				LD_RUNPATH_SEARCH_PATHS = "$(inherited) @executable_path/Frameworks";
				PRODUCT_NAME = "$(TARGET_NAME)";
			};
			name = Release;
		};
		FE9D21961B9FBCDB00A19C4F /* Debug */ = {
			isa = XCBuildConfiguration;
			buildSettings = {
				BUNDLE_LOADER = "$(TEST_HOST)";
				FRAMEWORK_SEARCH_PATHS = (
					"$(SDKROOT)/Developer/Library/Frameworks",
					"$(inherited)",
				);
				GCC_PREPROCESSOR_DEFINITIONS = (
					"DEBUG=1",
					"$(inherited)",
				);
				INFOPLIST_FILE = Project21Tests/Info.plist;
				LD_RUNPATH_SEARCH_PATHS = "$(inherited) @executable_path/Frameworks @loader_path/Frameworks";
				PRODUCT_NAME = "$(TARGET_NAME)";
				TEST_HOST = "$(BUILT_PRODUCTS_DIR)/Project21.app/Project21";
			};
			name = Debug;
		};
		FE9D21971B9FBCDB00A19C4F /* Release */ = {
			isa = XCBuildConfiguration;
			buildSettings = {
				BUNDLE_LOADER = "$(TEST_HOST)";
				FRAMEWORK_SEARCH_PATHS = (
					"$(SDKROOT)/Developer/Library/Frameworks",
					"$(inherited)",
				);
				INFOPLIST_FILE = Project21Tests/Info.plist;
				LD_RUNPATH_SEARCH_PATHS = "$(inherited) @executable_path/Frameworks @loader_path/Frameworks";
				PRODUCT_NAME = "$(TARGET_NAME)";
				TEST_HOST = "$(BUILT_PRODUCTS_DIR)/Project21.app/Project21";
			};
			name = Release;
		};
/* End XCBuildConfiguration section */

/* Begin XCConfigurationList section */
		FE9D216E1B9FBCDB00A19C4F /* Build configuration list for PBXProject "Project21" */ = {
			isa = XCConfigurationList;
			buildConfigurations = (
				FE9D21901B9FBCDB00A19C4F /* Debug */,
				FE9D21911B9FBCDB00A19C4F /* Release */,
			);
			defaultConfigurationIsVisible = 0;
			defaultConfigurationName = Release;
		};
		FE9D21921B9FBCDB00A19C4F /* Build configuration list for PBXNativeTarget "Project21" */ = {
			isa = XCConfigurationList;
			buildConfigurations = (
				FE9D21931B9FBCDB00A19C4F /* Debug */,
				FE9D21941B9FBCDB00A19C4F /* Release */,
			);
			defaultConfigurationIsVisible = 0;
		};
		FE9D21951B9FBCDB00A19C4F /* Build configuration list for PBXNativeTarget "Project21Tests" */ = {
			isa = XCConfigurationList;
			buildConfigurations = (
				FE9D21961B9FBCDB00A19C4F /* Debug */,
				FE9D21971B9FBCDB00A19C4F /* Release */,
			);
			defaultConfigurationIsVisible = 0;
		};
/* End XCConfigurationList section */
	};
	rootObject = FE9D216B1B9FBCDB00A19C4F /* Project object */;
}
