// !$*UTF8*$!
{
	archiveVersion = 1;
	classes = {
	};
	objectVersion = 46;
	objects = {

/* Begin PBXBuildFile section */
		FE0244AC1BA25C2800FDC5CD /* AppDelegate.swift in Sources */ = {isa = PBXBuildFile; fileRef = FE0244AB1BA25C2800FDC5CD /* AppDelegate.swift */; };
		FE0244AE1BA25C2800FDC5CD /* ViewController.swift in Sources */ = {isa = PBXBuildFile; fileRef = FE0244AD1BA25C2800FDC5CD /* ViewController.swift */; };
		FE0244B11BA25C2800FDC5CD /* Main.storyboard in Resources */ = {isa = PBXBuildFile; fileRef = FE0244AF1BA25C2800FDC5CD /* Main.storyboard */; };
		FE0244B31BA25C2800FDC5CD /* Images.xcassets in Resources */ = {isa = PBXBuildFile; fileRef = FE0244B21BA25C2800FDC5CD /* Images.xcassets */; };
		FE0244B61BA25C2800FDC5CD /* LaunchScreen.xib in Resources */ = {isa = PBXBuildFile; fileRef = FE0244B41BA25C2800FDC5CD /* LaunchScreen.xib */; };
		FE0244C21BA25C2800FDC5CD /* Project27Tests.swift in Sources */ = {isa = PBXBuildFile; fileRef = FE0244C11BA25C2800FDC5CD /* Project27Tests.swift */; };
		FE0244CE1BA2634C00FDC5CD /* mouse.png in Resources */ = {isa = PBXBuildFile; fileRef = FE0244CC1BA2634C00FDC5CD /* mouse.png */; };
		FE0244CF1BA2634C00FDC5CD /* mouse@2x.png in Resources */ = {isa = PBXBuildFile; fileRef = FE0244CD1BA2634C00FDC5CD /* mouse@2x.png */; };
/* End PBXBuildFile section */

/* Begin PBXContainerItemProxy section */
		FE0244BC1BA25C2800FDC5CD /* PBXContainerItemProxy */ = {
			isa = PBXContainerItemProxy;
			containerPortal = FE02449E1BA25C2800FDC5CD /* Project object */;
			proxyType = 1;
			remoteGlobalIDString = FE0244A51BA25C2800FDC5CD;
			remoteInfo = Project27;
		};
/* End PBXContainerItemProxy section */

/* Begin PBXFileReference section */
		FE0244A61BA25C2800FDC5CD /* Project27.app */ = {isa = PBXFileReference; explicitFileType = wrapper.application; includeInIndex = 0; path = Project27.app; sourceTree = BUILT_PRODUCTS_DIR; };
		FE0244AA1BA25C2800FDC5CD /* Info.plist */ = {isa = PBXFileReference; lastKnownFileType = text.plist.xml; path = Info.plist; sourceTree = "<group>"; };
		FE0244AB1BA25C2800FDC5CD /* AppDelegate.swift */ = {isa = PBXFileReference; lastKnownFileType = sourcecode.swift; path = AppDelegate.swift; sourceTree = "<group>"; };
		FE0244AD1BA25C2800FDC5CD /* ViewController.swift */ = {isa = PBXFileReference; lastKnownFileType = sourcecode.swift; path = ViewController.swift; sourceTree = "<group>"; };
		FE0244B01BA25C2800FDC5CD /* Base */ = {isa = PBXFileReference; lastKnownFileType = file.storyboard; name = Base; path = Base.lproj/Main.storyboard; sourceTree = "<group>"; };
		FE0244B21BA25C2800FDC5CD /* Images.xcassets */ = {isa = PBXFileReference; lastKnownFileType = folder.assetcatalog; path = Images.xcassets; sourceTree = "<group>"; };
		FE0244B51BA25C2800FDC5CD /* Base */ = {isa = PBXFileReference; lastKnownFileType = file.xib; name = Base; path = Base.lproj/LaunchScreen.xib; sourceTree = "<group>"; };
		FE0244BB1BA25C2800FDC5CD /* Project27Tests.xctest */ = {isa = PBXFileReference; explicitFileType = wrapper.cfbundle; includeInIndex = 0; path = Project27Tests.xctest; sourceTree = BUILT_PRODUCTS_DIR; };
		FE0244C01BA25C2800FDC5CD /* Info.plist */ = {isa = PBXFileReference; lastKnownFileType = text.plist.xml; path = Info.plist; sourceTree = "<group>"; };
		FE0244C11BA25C2800FDC5CD /* Project27Tests.swift */ = {isa = PBXFileReference; lastKnownFileType = sourcecode.swift; path = Project27Tests.swift; sourceTree = "<group>"; };
		FE0244CC1BA2634C00FDC5CD /* mouse.png */ = {isa = PBXFileReference; lastKnownFileType = image.png; name = mouse.png; path = Content/mouse.png; sourceTree = "<group>"; };
		FE0244CD1BA2634C00FDC5CD /* mouse@2x.png */ = {isa = PBXFileReference; lastKnownFileType = image.png; name = "mouse@2x.png"; path = "Content/mouse@2x.png"; sourceTree = "<group>"; };
/* End PBXFileReference section */

/* Begin PBXFrameworksBuildPhase section */
		FE0244A31BA25C2800FDC5CD /* Frameworks */ = {
			isa = PBXFrameworksBuildPhase;
			buildActionMask = 2147483647;
			files = (
			);
			runOnlyForDeploymentPostprocessing = 0;
		};
		FE0244B81BA25C2800FDC5CD /* Frameworks */ = {
			isa = PBXFrameworksBuildPhase;
			buildActionMask = 2147483647;
			files = (
			);
			runOnlyForDeploymentPostprocessing = 0;
		};
/* End PBXFrameworksBuildPhase section */

/* Begin PBXGroup section */
		FE02449D1BA25C2800FDC5CD = {
			isa = PBXGroup;
			children = (
				FE0244A81BA25C2800FDC5CD /* Project27 */,
				FE0244BE1BA25C2800FDC5CD /* Project27Tests */,
				FE0244A71BA25C2800FDC5CD /* Products */,
			);
			sourceTree = "<group>";
		};
		FE0244A71BA25C2800FDC5CD /* Products */ = {
			isa = PBXGroup;
			children = (
				FE0244A61BA25C2800FDC5CD /* Project27.app */,
				FE0244BB1BA25C2800FDC5CD /* Project27Tests.xctest */,
			);
			name = Products;
			sourceTree = "<group>";
		};
		FE0244A81BA25C2800FDC5CD /* Project27 */ = {
			isa = PBXGroup;
			children = (
				FE0244AB1BA25C2800FDC5CD /* AppDelegate.swift */,
				FE0244AD1BA25C2800FDC5CD /* ViewController.swift */,
				FE0244AF1BA25C2800FDC5CD /* Main.storyboard */,
				FE0244B21BA25C2800FDC5CD /* Images.xcassets */,
				FE0244B41BA25C2800FDC5CD /* LaunchScreen.xib */,
				FE0244A91BA25C2800FDC5CD /* Supporting Files */,
			);
			path = Project27;
			sourceTree = "<group>";
		};
		FE0244A91BA25C2800FDC5CD /* Supporting Files */ = {
			isa = PBXGroup;
			children = (
				FE0244CB1BA2632600FDC5CD /* Content */,
				FE0244AA1BA25C2800FDC5CD /* Info.plist */,
			);
			name = "Supporting Files";
			sourceTree = "<group>";
		};
		FE0244BE1BA25C2800FDC5CD /* Project27Tests */ = {
			isa = PBXGroup;
			children = (
				FE0244C11BA25C2800FDC5CD /* Project27Tests.swift */,
				FE0244BF1BA25C2800FDC5CD /* Supporting Files */,
			);
			path = Project27Tests;
			sourceTree = "<group>";
		};
		FE0244BF1BA25C2800FDC5CD /* Supporting Files */ = {
			isa = PBXGroup;
			children = (
				FE0244C01BA25C2800FDC5CD /* Info.plist */,
			);
			name = "Supporting Files";
			sourceTree = "<group>";
		};
		FE0244CB1BA2632600FDC5CD /* Content */ = {
			isa = PBXGroup;
			children = (
				FE0244CC1BA2634C00FDC5CD /* mouse.png */,
				FE0244CD1BA2634C00FDC5CD /* mouse@2x.png */,
			);
			name = Content;
			sourceTree = "<group>";
		};
/* End PBXGroup section */

/* Begin PBXNativeTarget section */
		FE0244A51BA25C2800FDC5CD /* Project27 */ = {
			isa = PBXNativeTarget;
			buildConfigurationList = FE0244C51BA25C2800FDC5CD /* Build configuration list for PBXNativeTarget "Project27" */;
			buildPhases = (
				FE0244A21BA25C2800FDC5CD /* Sources */,
				FE0244A31BA25C2800FDC5CD /* Frameworks */,
				FE0244A41BA25C2800FDC5CD /* Resources */,
			);
			buildRules = (
			);
			dependencies = (
			);
			name = Project27;
			productName = Project27;
			productReference = FE0244A61BA25C2800FDC5CD /* Project27.app */;
			productType = "com.apple.product-type.application";
		};
		FE0244BA1BA25C2800FDC5CD /* Project27Tests */ = {
			isa = PBXNativeTarget;
			buildConfigurationList = FE0244C81BA25C2800FDC5CD /* Build configuration list for PBXNativeTarget "Project27Tests" */;
			buildPhases = (
				FE0244B71BA25C2800FDC5CD /* Sources */,
				FE0244B81BA25C2800FDC5CD /* Frameworks */,
				FE0244B91BA25C2800FDC5CD /* Resources */,
			);
			buildRules = (
			);
			dependencies = (
				FE0244BD1BA25C2800FDC5CD /* PBXTargetDependency */,
			);
			name = Project27Tests;
			productName = Project27Tests;
			productReference = FE0244BB1BA25C2800FDC5CD /* Project27Tests.xctest */;
			productType = "com.apple.product-type.bundle.unit-test";
		};
/* End PBXNativeTarget section */

/* Begin PBXProject section */
		FE02449E1BA25C2800FDC5CD /* Project object */ = {
			isa = PBXProject;
			attributes = {
				LastUpgradeCheck = 0640;
				ORGANIZATIONNAME = "Elex Lee";
				TargetAttributes = {
					FE0244A51BA25C2800FDC5CD = {
						CreatedOnToolsVersion = 6.4;
					};
					FE0244BA1BA25C2800FDC5CD = {
						CreatedOnToolsVersion = 6.4;
						TestTargetID = FE0244A51BA25C2800FDC5CD;
					};
				};
			};
			buildConfigurationList = FE0244A11BA25C2800FDC5CD /* Build configuration list for PBXProject "Project27" */;
			compatibilityVersion = "Xcode 3.2";
			developmentRegion = English;
			hasScannedForEncodings = 0;
			knownRegions = (
				en,
				Base,
			);
			mainGroup = FE02449D1BA25C2800FDC5CD;
			productRefGroup = FE0244A71BA25C2800FDC5CD /* Products */;
			projectDirPath = "";
			projectRoot = "";
			targets = (
				FE0244A51BA25C2800FDC5CD /* Project27 */,
				FE0244BA1BA25C2800FDC5CD /* Project27Tests */,
			);
		};
/* End PBXProject section */

/* Begin PBXResourcesBuildPhase section */
		FE0244A41BA25C2800FDC5CD /* Resources */ = {
			isa = PBXResourcesBuildPhase;
			buildActionMask = 2147483647;
			files = (
				FE0244CF1BA2634C00FDC5CD /* mouse@2x.png in Resources */,
				FE0244B11BA25C2800FDC5CD /* Main.storyboard in Resources */,
				FE0244CE1BA2634C00FDC5CD /* mouse.png in Resources */,
				FE0244B61BA25C2800FDC5CD /* LaunchScreen.xib in Resources */,
				FE0244B31BA25C2800FDC5CD /* Images.xcassets in Resources */,
			);
			runOnlyForDeploymentPostprocessing = 0;
		};
		FE0244B91BA25C2800FDC5CD /* Resources */ = {
			isa = PBXResourcesBuildPhase;
			buildActionMask = 2147483647;
			files = (
			);
			runOnlyForDeploymentPostprocessing = 0;
		};
/* End PBXResourcesBuildPhase section */

/* Begin PBXSourcesBuildPhase section */
		FE0244A21BA25C2800FDC5CD /* Sources */ = {
			isa = PBXSourcesBuildPhase;
			buildActionMask = 2147483647;
			files = (
				FE0244AE1BA25C2800FDC5CD /* ViewController.swift in Sources */,
				FE0244AC1BA25C2800FDC5CD /* AppDelegate.swift in Sources */,
			);
			runOnlyForDeploymentPostprocessing = 0;
		};
		FE0244B71BA25C2800FDC5CD /* Sources */ = {
			isa = PBXSourcesBuildPhase;
			buildActionMask = 2147483647;
			files = (
				FE0244C21BA25C2800FDC5CD /* Project27Tests.swift in Sources */,
			);
			runOnlyForDeploymentPostprocessing = 0;
		};
/* End PBXSourcesBuildPhase section */

/* Begin PBXTargetDependency section */
		FE0244BD1BA25C2800FDC5CD /* PBXTargetDependency */ = {
			isa = PBXTargetDependency;
			target = FE0244A51BA25C2800FDC5CD /* Project27 */;
			targetProxy = FE0244BC1BA25C2800FDC5CD /* PBXContainerItemProxy */;
		};
/* End PBXTargetDependency section */

/* Begin PBXVariantGroup section */
		FE0244AF1BA25C2800FDC5CD /* Main.storyboard */ = {
			isa = PBXVariantGroup;
			children = (
				FE0244B01BA25C2800FDC5CD /* Base */,
			);
			name = Main.storyboard;
			sourceTree = "<group>";
		};
		FE0244B41BA25C2800FDC5CD /* LaunchScreen.xib */ = {
			isa = PBXVariantGroup;
			children = (
				FE0244B51BA25C2800FDC5CD /* Base */,
			);
			name = LaunchScreen.xib;
			sourceTree = "<group>";
		};
/* End PBXVariantGroup section */

/* Begin XCBuildConfiguration section */
		FE0244C31BA25C2800FDC5CD /* Debug */ = {
			isa = XCBuildConfiguration;
			buildSettings = {
				ALWAYS_SEARCH_USER_PATHS = NO;
				CLANG_CXX_LANGUAGE_STANDARD = "gnu++0x";
				CLANG_CXX_LIBRARY = "libc++";
				CLANG_ENABLE_MODULES = YES;
				CLANG_ENABLE_OBJC_ARC = YES;
				CLANG_WARN_BOOL_CONVERSION = YES;
				CLANG_WARN_CONSTANT_CONVERSION = YES;
				CLANG_WARN_DIRECT_OBJC_ISA_USAGE = YES_ERROR;
				CLANG_WARN_EMPTY_BODY = YES;
				CLANG_WARN_ENUM_CONVERSION = YES;
				CLANG_WARN_INT_CONVERSION = YES;
				CLANG_WARN_OBJC_ROOT_CLASS = YES_ERROR;
				CLANG_WARN_UNREACHABLE_CODE = YES;
				CLANG_WARN__DUPLICATE_METHOD_MATCH = YES;
				"CODE_SIGN_IDENTITY[sdk=iphoneos*]" = "iPhone Developer";
				COPY_PHASE_STRIP = NO;
				DEBUG_INFORMATION_FORMAT = "dwarf-with-dsym";
				ENABLE_STRICT_OBJC_MSGSEND = YES;
				GCC_C_LANGUAGE_STANDARD = gnu99;
				GCC_DYNAMIC_NO_PIC = NO;
				GCC_NO_COMMON_BLOCKS = YES;
				GCC_OPTIMIZATION_LEVEL = 0;
				GCC_PREPROCESSOR_DEFINITIONS = (
					"DEBUG=1",
					"$(inherited)",
				);
				GCC_SYMBOLS_PRIVATE_EXTERN = NO;
				GCC_WARN_64_TO_32_BIT_CONVERSION = YES;
				GCC_WARN_ABOUT_RETURN_TYPE = YES_ERROR;
				GCC_WARN_UNDECLARED_SELECTOR = YES;
				GCC_WARN_UNINITIALIZED_AUTOS = YES_AGGRESSIVE;
				GCC_WARN_UNUSED_FUNCTION = YES;
				GCC_WARN_UNUSED_VARIABLE = YES;
				IPHONEOS_DEPLOYMENT_TARGET = 8.4;
				MTL_ENABLE_DEBUG_INFO = YES;
				ONLY_ACTIVE_ARCH = YES;
				SDKROOT = iphoneos;
				SWIFT_OPTIMIZATION_LEVEL = "-Onone";
				TARGETED_DEVICE_FAMILY = 2;
			};
			name = Debug;
		};
		FE0244C41BA25C2800FDC5CD /* Release */ = {
			isa = XCBuildConfiguration;
			buildSettings = {
				ALWAYS_SEARCH_USER_PATHS = NO;
				CLANG_CXX_LANGUAGE_STANDARD = "gnu++0x";
				CLANG_CXX_LIBRARY = "libc++";
				CLANG_ENABLE_MODULES = YES;
				CLANG_ENABLE_OBJC_ARC = YES;
				CLANG_WARN_BOOL_CONVERSION = YES;
				CLANG_WARN_CONSTANT_CONVERSION = YES;
				CLANG_WARN_DIRECT_OBJC_ISA_USAGE = YES_ERROR;
				CLANG_WARN_EMPTY_BODY = YES;
				CLANG_WARN_ENUM_CONVERSION = YES;
				CLANG_WARN_INT_CONVERSION = YES;
				CLANG_WARN_OBJC_ROOT_CLASS = YES_ERROR;
				CLANG_WARN_UNREACHABLE_CODE = YES;
				CLANG_WARN__DUPLICATE_METHOD_MATCH = YES;
				"CODE_SIGN_IDENTITY[sdk=iphoneos*]" = "iPhone Developer";
				COPY_PHASE_STRIP = NO;
				DEBUG_INFORMATION_FORMAT = "dwarf-with-dsym";
				ENABLE_NS_ASSERTIONS = NO;
				ENABLE_STRICT_OBJC_MSGSEND = YES;
				GCC_C_LANGUAGE_STANDARD = gnu99;
				GCC_NO_COMMON_BLOCKS = YES;
				GCC_WARN_64_TO_32_BIT_CONVERSION = YES;
				GCC_WARN_ABOUT_RETURN_TYPE = YES_ERROR;
				GCC_WARN_UNDECLARED_SELECTOR = YES;
				GCC_WARN_UNINITIALIZED_AUTOS = YES_AGGRESSIVE;
				GCC_WARN_UNUSED_FUNCTION = YES;
				GCC_WARN_UNUSED_VARIABLE = YES;
				IPHONEOS_DEPLOYMENT_TARGET = 8.4;
				MTL_ENABLE_DEBUG_INFO = NO;
				SDKROOT = iphoneos;
				TARGETED_DEVICE_FAMILY = 2;
				VALIDATE_PRODUCT = YES;
			};
			name = Release;
		};
		FE0244C61BA25C2800FDC5CD /* Debug */ = {
			isa = XCBuildConfiguration;
			buildSettings = {
				ASSETCATALOG_COMPILER_APPICON_NAME = AppIcon;
				INFOPLIST_FILE = Project27/Info.plist;
				LD_RUNPATH_SEARCH_PATHS = "$(inherited) @executable_path/Frameworks";
				PRODUCT_NAME = "$(TARGET_NAME)";
			};
			name = Debug;
		};
		FE0244C71BA25C2800FDC5CD /* Release */ = {
			isa = XCBuildConfiguration;
			buildSettings = {
				ASSETCATALOG_COMPILER_APPICON_NAME = AppIcon;
				INFOPLIST_FILE = Project27/Info.plist;
				LD_RUNPATH_SEARCH_PATHS = "$(inherited) @executable_path/Frameworks";
				PRODUCT_NAME = "$(TARGET_NAME)";
			};
			name = Release;
		};
		FE0244C91BA25C2800FDC5CD /* Debug */ = {
			isa = XCBuildConfiguration;
			buildSettings = {
				BUNDLE_LOADER = "$(TEST_HOST)";
				FRAMEWORK_SEARCH_PATHS = (
					"$(SDKROOT)/Developer/Library/Frameworks",
					"$(inherited)",
				);
				GCC_PREPROCESSOR_DEFINITIONS = (
					"DEBUG=1",
					"$(inherited)",
				);
				INFOPLIST_FILE = Project27Tests/Info.plist;
				LD_RUNPATH_SEARCH_PATHS = "$(inherited) @executable_path/Frameworks @loader_path/Frameworks";
				PRODUCT_NAME = "$(TARGET_NAME)";
				TEST_HOST = "$(BUILT_PRODUCTS_DIR)/Project27.app/Project27";
			};
			name = Debug;
		};
		FE0244CA1BA25C2800FDC5CD /* Release */ = {
			isa = XCBuildConfiguration;
			buildSettings = {
				BUNDLE_LOADER = "$(TEST_HOST)";
				FRAMEWORK_SEARCH_PATHS = (
					"$(SDKROOT)/Developer/Library/Frameworks",
					"$(inherited)",
				);
				INFOPLIST_FILE = Project27Tests/Info.plist;
				LD_RUNPATH_SEARCH_PATHS = "$(inherited) @executable_path/Frameworks @loader_path/Frameworks";
				PRODUCT_NAME = "$(TARGET_NAME)";
				TEST_HOST = "$(BUILT_PRODUCTS_DIR)/Project27.app/Project27";
			};
			name = Release;
		};
/* End XCBuildConfiguration section */

/* Begin XCConfigurationList section */
		FE0244A11BA25C2800FDC5CD /* Build configuration list for PBXProject "Project27" */ = {
			isa = XCConfigurationList;
			buildConfigurations = (
				FE0244C31BA25C2800FDC5CD /* Debug */,
				FE0244C41BA25C2800FDC5CD /* Release */,
			);
			defaultConfigurationIsVisible = 0;
			defaultConfigurationName = Release;
		};
		FE0244C51BA25C2800FDC5CD /* Build configuration list for PBXNativeTarget "Project27" */ = {
			isa = XCConfigurationList;
			buildConfigurations = (
				FE0244C61BA25C2800FDC5CD /* Debug */,
				FE0244C71BA25C2800FDC5CD /* Release */,
			);
			defaultConfigurationIsVisible = 0;
		};
		FE0244C81BA25C2800FDC5CD /* Build configuration list for PBXNativeTarget "Project27Tests" */ = {
			isa = XCConfigurationList;
			buildConfigurations = (
				FE0244C91BA25C2800FDC5CD /* Debug */,
				FE0244CA1BA25C2800FDC5CD /* Release */,
			);
			defaultConfigurationIsVisible = 0;
		};
/* End XCConfigurationList section */
	};
	rootObject = FE02449E1BA25C2800FDC5CD /* Project object */;
}
